// !$*UTF8*$!
{
	archiveVersion = 1;
	classes = {
	};
	objectVersion = 46;
	objects = {

/* Begin PBXBuildFile section */
		7A0042821CA23E0D00904873 /* libsqlite3.tbd in Frameworks */ = {isa = PBXBuildFile; fileRef = 7A389CDC1C9B910C00950794 /* libsqlite3.tbd */; };
		7A0AB13B1CA4D3B50085875C /* AccountViewController.m in Sources */ = {isa = PBXBuildFile; fileRef = 7A0AB13A1CA4D3B50085875C /* AccountViewController.m */; };
		7A0AB1411CA5312A0085875C /* DownloadListViewController.m in Sources */ = {isa = PBXBuildFile; fileRef = 7A0AB1401CA5312A0085875C /* DownloadListViewController.m */; };
		7A1A79B31C9FE7AE0001C962 /* libicucore.tbd in Frameworks */ = {isa = PBXBuildFile; fileRef = 7A1A79B21C9FE7AE0001C962 /* libicucore.tbd */; };
		7A1A79B51C9FE7CE0001C962 /* libstdc++.tbd in Frameworks */ = {isa = PBXBuildFile; fileRef = 7A1A79B41C9FE7CE0001C962 /* libstdc++.tbd */; };
		7A1A79B71C9FE7FE0001C962 /* JavaScriptCore.framework in Frameworks */ = {isa = PBXBuildFile; fileRef = 7A1A79B61C9FE7FE0001C962 /* JavaScriptCore.framework */; };
		7A1A79D61CA025E20001C962 /* DIDI2.jpg in Resources */ = {isa = PBXBuildFile; fileRef = 7A1A79D51CA025E20001C962 /* DIDI2.jpg */; };
		7A1BE5171CA289B3000B7B13 /* BookInformation.m in Sources */ = {isa = PBXBuildFile; fileRef = 7A1BE5161CA289B3000B7B13 /* BookInformation.m */; };
		7A1BE51A1CA289DF000B7B13 /* SqlModel.m in Sources */ = {isa = PBXBuildFile; fileRef = 7A1BE5191CA289DF000B7B13 /* SqlModel.m */; };
		7A1BE51E1CA2BF77000B7B13 /* FavoriteTableViewCell.m in Sources */ = {isa = PBXBuildFile; fileRef = 7A1BE51C1CA2BF77000B7B13 /* FavoriteTableViewCell.m */; };
		7A1BE51F1CA2BF77000B7B13 /* FavoriteTableViewCell.xib in Resources */ = {isa = PBXBuildFile; fileRef = 7A1BE51D1CA2BF77000B7B13 /* FavoriteTableViewCell.xib */; };
		7A389CD91C9B90C900950794 /* MobileCoreServices.framework in Frameworks */ = {isa = PBXBuildFile; fileRef = 7A389CD81C9B90C800950794 /* MobileCoreServices.framework */; };
		7A389CDB1C9B90D300950794 /* CFNetwork.framework in Frameworks */ = {isa = PBXBuildFile; fileRef = 7A389CDA1C9B90D300950794 /* CFNetwork.framework */; };
		7A389CDF1C9B911F00950794 /* libstdc++.6.0.9.tbd in Frameworks */ = {isa = PBXBuildFile; fileRef = 7A389CDE1C9B911F00950794 /* libstdc++.6.0.9.tbd */; };
		7A389CE11C9B912B00950794 /* libz.tbd in Frameworks */ = {isa = PBXBuildFile; fileRef = 7A389CE01C9B912B00950794 /* libz.tbd */; };
		7A389CE31C9B913C00950794 /* libiconv.tbd in Frameworks */ = {isa = PBXBuildFile; fileRef = 7A389CE21C9B913C00950794 /* libiconv.tbd */; };
		7A389CE51C9B914B00950794 /* libresolv.tbd in Frameworks */ = {isa = PBXBuildFile; fileRef = 7A389CE41C9B914B00950794 /* libresolv.tbd */; };
		7A389CE71C9B915600950794 /* libxml2.tbd in Frameworks */ = {isa = PBXBuildFile; fileRef = 7A389CE61C9B915600950794 /* libxml2.tbd */; };
		7A4532321C9E423E00EDB43C /* LoginViewController.m in Sources */ = {isa = PBXBuildFile; fileRef = 7A4532311C9E423E00EDB43C /* LoginViewController.m */; };
		7A4532351C9E426800EDB43C /* RegisterViewController.m in Sources */ = {isa = PBXBuildFile; fileRef = 7A4532341C9E426800EDB43C /* RegisterViewController.m */; };
		7A4532551C9F9BBA00EDB43C /* CoreLocation.framework in Frameworks */ = {isa = PBXBuildFile; fileRef = 7A4532541C9F9BBA00EDB43C /* CoreLocation.framework */; };
		7A4532571C9F9BDE00EDB43C /* Security.framework in Frameworks */ = {isa = PBXBuildFile; fileRef = 7A4532561C9F9BDE00EDB43C /* Security.framework */; };
		7A4532581C9F9BEE00EDB43C /* CoreGraphics.framework in Frameworks */ = {isa = PBXBuildFile; fileRef = 7A9BBA221C9D3AA200CA55D9 /* CoreGraphics.framework */; };
		7A45325A1C9F9C1800EDB43C /* CoreTelephony.framework in Frameworks */ = {isa = PBXBuildFile; fileRef = 7A4532591C9F9C1800EDB43C /* CoreTelephony.framework */; };
		7A45325C1C9F9C3500EDB43C /* SystemConfiguration.framework in Frameworks */ = {isa = PBXBuildFile; fileRef = 7A45325B1C9F9C3500EDB43C /* SystemConfiguration.framework */; };
		7A45325E1C9F9C4700EDB43C /* libz.1.2.5.tbd in Frameworks */ = {isa = PBXBuildFile; fileRef = 7A45325D1C9F9C4700EDB43C /* libz.1.2.5.tbd */; };
		7A4532621C9F9C9F00EDB43C /* AVFoundation.framework in Frameworks */ = {isa = PBXBuildFile; fileRef = 7A4532611C9F9C9F00EDB43C /* AVFoundation.framework */; };
		7A4532641C9F9CAE00EDB43C /* MediaPlayer.framework in Frameworks */ = {isa = PBXBuildFile; fileRef = 7A4532631C9F9CAE00EDB43C /* MediaPlayer.framework */; };
		7A4623EF1C992FED00A6750D /* TypeModel.m in Sources */ = {isa = PBXBuildFile; fileRef = 7A4623EE1C992FED00A6750D /* TypeModel.m */; };
		7A4623F11C99474400A6750D /* 分类2.plist in Resources */ = {isa = PBXBuildFile; fileRef = 7A4623F01C99474400A6750D /* 分类2.plist */; };
		7A4623F41C998EA400A6750D /* ChoseModel.m in Sources */ = {isa = PBXBuildFile; fileRef = 7A4623F31C998EA400A6750D /* ChoseModel.m */; };
		7A4623F81C999C0B00A6750D /* ChoseCollectionViewCell.m in Sources */ = {isa = PBXBuildFile; fileRef = 7A4623F61C999C0B00A6750D /* ChoseCollectionViewCell.m */; };
		7A4623F91C999C0B00A6750D /* ChoseCollectionViewCell.xib in Resources */ = {isa = PBXBuildFile; fileRef = 7A4623F71C999C0B00A6750D /* ChoseCollectionViewCell.xib */; };
		7A47640C1C9835BA0057A7D9 /* 搜索大主宰.plist in Resources */ = {isa = PBXBuildFile; fileRef = 7A47640B1C9835BA0057A7D9 /* 搜索大主宰.plist */; };
		7A47640E1C9835C20057A7D9 /* 坏蛋.plist in Resources */ = {isa = PBXBuildFile; fileRef = 7A47640D1C9835C20057A7D9 /* 坏蛋.plist */; };
		7A4764121C98400C0057A7D9 /* 轮番图.plist in Resources */ = {isa = PBXBuildFile; fileRef = 7A4764111C98400C0057A7D9 /* 轮番图.plist */; };
		7A4764141C98408C0057A7D9 /* 分类.plist in Resources */ = {isa = PBXBuildFile; fileRef = 7A4764131C98408C0057A7D9 /* 分类.plist */; };
		7A4764161C9847750057A7D9 /* 分类--热门.plist in Resources */ = {isa = PBXBuildFile; fileRef = 7A4764151C9847750057A7D9 /* 分类--热门.plist */; };
		7A4764201C984D900057A7D9 /* VOContentLayer.m in Sources */ = {isa = PBXBuildFile; fileRef = 7A4764191C984D900057A7D9 /* VOContentLayer.m */; };
		7A4764211C984D900057A7D9 /* VOIndicatorAnimation.m in Sources */ = {isa = PBXBuildFile; fileRef = 7A47641B1C984D900057A7D9 /* VOIndicatorAnimation.m */; };
		7A4764221C984D900057A7D9 /* VOSegment.m in Sources */ = {isa = PBXBuildFile; fileRef = 7A47641D1C984D900057A7D9 /* VOSegment.m */; };
		7A4764231C984D900057A7D9 /* VOSegmentedControl.m in Sources */ = {isa = PBXBuildFile; fileRef = 7A47641F1C984D900057A7D9 /* VOSegmentedControl.m */; };
		7A4E32CC1C9FE27900FEF17C /* DownlaodTask.m in Sources */ = {isa = PBXBuildFile; fileRef = 7A4E32CB1C9FE27900FEF17C /* DownlaodTask.m */; };
		7A54D24E1C9BA0070012224E /* DetailViewController.m in Sources */ = {isa = PBXBuildFile; fileRef = 7A54D24D1C9BA0070012224E /* DetailViewController.m */; };
		7A54D2511C9BA0890012224E /* DetailHeadView.m in Sources */ = {isa = PBXBuildFile; fileRef = 7A54D2501C9BA0890012224E /* DetailHeadView.m */; };
		7A54D2531C9BA0B80012224E /* DetailHeadView.xib in Resources */ = {isa = PBXBuildFile; fileRef = 7A54D2521C9BA0B80012224E /* DetailHeadView.xib */; };
		7A54D2551C9C3C8E0012224E /* 大圈.plist in Resources */ = {isa = PBXBuildFile; fileRef = 7A54D2541C9C3C8E0012224E /* 大圈.plist */; };
		7A54D2581C9C3F6A0012224E /* detailModel.m in Sources */ = {isa = PBXBuildFile; fileRef = 7A54D2571C9C3F6A0012224E /* detailModel.m */; };
		7A68D4E71C9CF0730090DB08 /* 精选.plist in Resources */ = {isa = PBXBuildFile; fileRef = 7A68D4E61C9CF0730090DB08 /* 精选.plist */; };
		7A68D4EA1C9D40100090DB08 /* UIViewController+Common.m in Sources */ = {isa = PBXBuildFile; fileRef = 7A68D4E81C9D40100090DB08 /* UIViewController+Common.m */; };
		7A68D4ED1C9D450D0090DB08 /* HWTools.m in Sources */ = {isa = PBXBuildFile; fileRef = 7A68D4EC1C9D450D0090DB08 /* HWTools.m */; };
		7A68D4F01C9D50360090DB08 /* TypeViewController.m in Sources */ = {isa = PBXBuildFile; fileRef = 7A68D4EF1C9D50360090DB08 /* TypeViewController.m */; };
		7A68D4F41C9D587C0090DB08 /* TypeTableViewCell.m in Sources */ = {isa = PBXBuildFile; fileRef = 7A68D4F21C9D587C0090DB08 /* TypeTableViewCell.m */; };
		7A68D4F51C9D587C0090DB08 /* TypeTableViewCell.xib in Resources */ = {isa = PBXBuildFile; fileRef = 7A68D4F31C9D587C0090DB08 /* TypeTableViewCell.xib */; };
		7A68D4FB1C9D5F750090DB08 /* blueArrow.png in Resources */ = {isa = PBXBuildFile; fileRef = 7A68D4F71C9D5F750090DB08 /* blueArrow.png */; };
		7A68D4FC1C9D5F750090DB08 /* blueArrowDown.png in Resources */ = {isa = PBXBuildFile; fileRef = 7A68D4F81C9D5F750090DB08 /* blueArrowDown.png */; };
		7A68D4FD1C9D5F750090DB08 /* PullingRefreshTableView.m in Sources */ = {isa = PBXBuildFile; fileRef = 7A68D4FA1C9D5F750090DB08 /* PullingRefreshTableView.m */; };
		7A6BE8431C9A428C006F6E17 /* DownloadDidTableViewCell.m in Sources */ = {isa = PBXBuildFile; fileRef = 7A6BE8421C9A428C006F6E17 /* DownloadDidTableViewCell.m */; };
		7A6BE8461C9A47BD006F6E17 /* UIView+UIViewExtension.m in Sources */ = {isa = PBXBuildFile; fileRef = 7A6BE8451C9A47BD006F6E17 /* UIView+UIViewExtension.m */; };
		7A7501321C9BAD110002FA5C /* LinkManViewController.m in Sources */ = {isa = PBXBuildFile; fileRef = 7A7501311C9BAD110002FA5C /* LinkManViewController.m */; };
		7A7501351C9BE3BD0002FA5C /* NSString+Common.m in Sources */ = {isa = PBXBuildFile; fileRef = 7A7501341C9BE3BD0002FA5C /* NSString+Common.m */; };
		7A75013A1C9BE5180002FA5C /* ProgressHUD.bundle in Resources */ = {isa = PBXBuildFile; fileRef = 7A7501371C9BE5180002FA5C /* ProgressHUD.bundle */; };
		7A75013B1C9BE5180002FA5C /* ProgressHUD.m in Sources */ = {isa = PBXBuildFile; fileRef = 7A7501391C9BE5180002FA5C /* ProgressHUD.m */; };
		7A75016B1C9C09040002FA5C /* RequestViewController.m in Sources */ = {isa = PBXBuildFile; fileRef = 7A75016A1C9C09040002FA5C /* RequestViewController.m */; };
		7A80A3191CA37DCE00845015 /* GroupViewController.m in Sources */ = {isa = PBXBuildFile; fileRef = 7A80A3181CA37DCE00845015 /* GroupViewController.m */; };
		7A80A31C1CA389E100845015 /* NewGroupViewController.m in Sources */ = {isa = PBXBuildFile; fileRef = 7A80A31B1CA389E100845015 /* NewGroupViewController.m */; };
		7A965F751C99328A00DE2547 /* DownloadViewController.m in Sources */ = {isa = PBXBuildFile; fileRef = 7A965F6E1C99328900DE2547 /* DownloadViewController.m */; };
		7A965F761C99328A00DE2547 /* search.plist in Resources */ = {isa = PBXBuildFile; fileRef = 7A965F711C99328A00DE2547 /* search.plist */; };
		7A965F771C99328A00DE2547 /* SearchViewController.m in Sources */ = {isa = PBXBuildFile; fileRef = 7A965F741C99328A00DE2547 /* SearchViewController.m */; };
		7A965F7A1C993B2A00DE2547 /* SearchModel.m in Sources */ = {isa = PBXBuildFile; fileRef = 7A965F791C993B2A00DE2547 /* SearchModel.m */; };
		7A965F7E1C9993B200DE2547 /* TableViewCell.m in Sources */ = {isa = PBXBuildFile; fileRef = 7A965F7C1C9993B200DE2547 /* TableViewCell.m */; };
		7A965F7F1C9993B200DE2547 /* TableViewCell.xib in Resources */ = {isa = PBXBuildFile; fileRef = 7A965F7D1C9993B200DE2547 /* TableViewCell.xib */; };
		7A965F841C9998FF00DE2547 /* DownloadTableViewCell.m in Sources */ = {isa = PBXBuildFile; fileRef = 7A965F821C9998FF00DE2547 /* DownloadTableViewCell.m */; };
		7A965F851C9998FF00DE2547 /* DownloadTableViewCell.xib in Resources */ = {isa = PBXBuildFile; fileRef = 7A965F831C9998FF00DE2547 /* DownloadTableViewCell.xib */; };
		7A99D44D1C97EE31001DD9B9 /* main.m in Sources */ = {isa = PBXBuildFile; fileRef = 7A99D44C1C97EE31001DD9B9 /* main.m */; };
		7A99D4501C97EE31001DD9B9 /* AppDelegate.m in Sources */ = {isa = PBXBuildFile; fileRef = 7A99D44F1C97EE31001DD9B9 /* AppDelegate.m */; };
		7A99D4521C97EE31001DD9B9 /* Assets.xcassets in Resources */ = {isa = PBXBuildFile; fileRef = 7A99D4511C97EE31001DD9B9 /* Assets.xcassets */; };
		7A99D4551C97EE31001DD9B9 /* LaunchScreen.storyboard in Resources */ = {isa = PBXBuildFile; fileRef = 7A99D4531C97EE31001DD9B9 /* LaunchScreen.storyboard */; };
		7A9BBA1E1C9CF60700CA55D9 /* Storyboard.storyboard in Resources */ = {isa = PBXBuildFile; fileRef = 7A9BBA1D1C9CF60700CA55D9 /* Storyboard.storyboard */; };
		7A9BBA211C9D08C900CA55D9 /* SingleViewController.m in Sources */ = {isa = PBXBuildFile; fileRef = 7A9BBA201C9D08C900CA55D9 /* SingleViewController.m */; };
		7A9FFBAE1C99565A0045ECBC /* FavoriteViewController.m in Sources */ = {isa = PBXBuildFile; fileRef = 7A9FFBAD1C99565A0045ECBC /* FavoriteViewController.m */; };
		7A9FFBB11C9983C80045ECBC /* RecordViewController.m in Sources */ = {isa = PBXBuildFile; fileRef = 7A9FFBB01C9983C80045ECBC /* RecordViewController.m */; };
		7AB437061C9A4D2100532A9A /* ChoseTableViewCell.m in Sources */ = {isa = PBXBuildFile; fileRef = 7AB437041C9A4D2100532A9A /* ChoseTableViewCell.m */; };
		7AB437071C9A4D2100532A9A /* ChoseTableViewCell.xib in Resources */ = {isa = PBXBuildFile; fileRef = 7AB437051C9A4D2100532A9A /* ChoseTableViewCell.xib */; };
		7AD1C4AC1C9BA204001346CA /* MessageViewController.m in Sources */ = {isa = PBXBuildFile; fileRef = 7AD1C4AB1C9BA204001346CA /* MessageViewController.m */; };
		7ADC1BEB1CA0F14A000DF95B /* dddd.plist in Resources */ = {isa = PBXBuildFile; fileRef = 7ADC1BEA1CA0F14A000DF95B /* dddd.plist */; };
		7ADC1BF11CA14F3B000DF95B /* ChatBoxeViewController.m in Sources */ = {isa = PBXBuildFile; fileRef = 7ADC1BF01CA14F3B000DF95B /* ChatBoxeViewController.m */; };
		7AE264B71C9840A9006C9A6D /* MyViewController.m in Sources */ = {isa = PBXBuildFile; fileRef = 7AE264B61C9840A9006C9A6D /* MyViewController.m */; };
		7AE264B91C9841D4006C9A6D /* My.storyboard in Resources */ = {isa = PBXBuildFile; fileRef = 7AE264B81C9841D4006C9A6D /* My.storyboard */; };
		7AE2889F1C98118000596833 /* DiscoverViewController.m in Sources */ = {isa = PBXBuildFile; fileRef = 7AE2889E1C98118000596833 /* DiscoverViewController.m */; };
		7AFE6E011C9A512D0041A33B /* TimeView.m in Sources */ = {isa = PBXBuildFile; fileRef = 7AFE6E001C9A512D0041A33B /* TimeView.m */; };
		7AFFB1BB1C9EA12E00B8E3FB /* typeDetailModel.m in Sources */ = {isa = PBXBuildFile; fileRef = 7AFFB1BA1C9EA12E00B8E3FB /* typeDetailModel.m */; };
		F3C52409254B7E14DA087F46 /* libPods.a in Frameworks */ = {isa = PBXBuildFile; fileRef = B8E1B894ED2483C469F39545 /* libPods.a */; };
/* End PBXBuildFile section */

/* Begin PBXFileReference section */
		67981FB38F5840FA5D07AC7F /* Pods.release.xcconfig */ = {isa = PBXFileReference; includeInIndex = 1; lastKnownFileType = text.xcconfig; name = Pods.release.xcconfig; path = "Pods/Target Support Files/Pods/Pods.release.xcconfig"; sourceTree = "<group>"; };
		706A4DEFC7FBB216AD8C4E61 /* Pods.debug.xcconfig */ = {isa = PBXFileReference; includeInIndex = 1; lastKnownFileType = text.xcconfig; name = Pods.debug.xcconfig; path = "Pods/Target Support Files/Pods/Pods.debug.xcconfig"; sourceTree = "<group>"; };
		7A0AB1391CA4D3B50085875C /* AccountViewController.h */ = {isa = PBXFileReference; fileEncoding = 4; lastKnownFileType = sourcecode.c.h; path = AccountViewController.h; sourceTree = "<group>"; };
		7A0AB13A1CA4D3B50085875C /* AccountViewController.m */ = {isa = PBXFileReference; fileEncoding = 4; lastKnownFileType = sourcecode.c.objc; path = AccountViewController.m; sourceTree = "<group>"; };
		7A0AB13F1CA5312A0085875C /* DownloadListViewController.h */ = {isa = PBXFileReference; fileEncoding = 4; lastKnownFileType = sourcecode.c.h; path = DownloadListViewController.h; sourceTree = "<group>"; };
		7A0AB1401CA5312A0085875C /* DownloadListViewController.m */ = {isa = PBXFileReference; fileEncoding = 4; lastKnownFileType = sourcecode.c.objc; path = DownloadListViewController.m; sourceTree = "<group>"; };
		7A1A79B21C9FE7AE0001C962 /* libicucore.tbd */ = {isa = PBXFileReference; lastKnownFileType = "sourcecode.text-based-dylib-definition"; name = libicucore.tbd; path = usr/lib/libicucore.tbd; sourceTree = SDKROOT; };
		7A1A79B41C9FE7CE0001C962 /* libstdc++.tbd */ = {isa = PBXFileReference; lastKnownFileType = "sourcecode.text-based-dylib-definition"; name = "libstdc++.tbd"; path = "usr/lib/libstdc++.tbd"; sourceTree = SDKROOT; };
		7A1A79B61C9FE7FE0001C962 /* JavaScriptCore.framework */ = {isa = PBXFileReference; lastKnownFileType = wrapper.framework; name = JavaScriptCore.framework; path = System/Library/Frameworks/JavaScriptCore.framework; sourceTree = SDKROOT; };
		7A1A79B81C9FE81B0001C962 /* ImageIO.framework */ = {isa = PBXFileReference; lastKnownFileType = wrapper.framework; name = ImageIO.framework; path = System/Library/Frameworks/ImageIO.framework; sourceTree = SDKROOT; };
		7A1A79D51CA025E20001C962 /* DIDI2.jpg */ = {isa = PBXFileReference; lastKnownFileType = image.jpeg; path = DIDI2.jpg; sourceTree = "<group>"; };
		7A1BE5151CA289B3000B7B13 /* BookInformation.h */ = {isa = PBXFileReference; fileEncoding = 4; lastKnownFileType = sourcecode.c.h; path = BookInformation.h; sourceTree = "<group>"; };
		7A1BE5161CA289B3000B7B13 /* BookInformation.m */ = {isa = PBXFileReference; fileEncoding = 4; lastKnownFileType = sourcecode.c.objc; path = BookInformation.m; sourceTree = "<group>"; };
		7A1BE5181CA289DF000B7B13 /* SqlModel.h */ = {isa = PBXFileReference; fileEncoding = 4; lastKnownFileType = sourcecode.c.h; path = SqlModel.h; sourceTree = "<group>"; };
		7A1BE5191CA289DF000B7B13 /* SqlModel.m */ = {isa = PBXFileReference; fileEncoding = 4; lastKnownFileType = sourcecode.c.objc; path = SqlModel.m; sourceTree = "<group>"; };
		7A1BE51B1CA2BF77000B7B13 /* FavoriteTableViewCell.h */ = {isa = PBXFileReference; fileEncoding = 4; lastKnownFileType = sourcecode.c.h; path = FavoriteTableViewCell.h; sourceTree = "<group>"; };
		7A1BE51C1CA2BF77000B7B13 /* FavoriteTableViewCell.m */ = {isa = PBXFileReference; fileEncoding = 4; lastKnownFileType = sourcecode.c.objc; path = FavoriteTableViewCell.m; sourceTree = "<group>"; };
		7A1BE51D1CA2BF77000B7B13 /* FavoriteTableViewCell.xib */ = {isa = PBXFileReference; fileEncoding = 4; lastKnownFileType = file.xib; path = FavoriteTableViewCell.xib; sourceTree = "<group>"; };
		7A389CD81C9B90C800950794 /* MobileCoreServices.framework */ = {isa = PBXFileReference; lastKnownFileType = wrapper.framework; name = MobileCoreServices.framework; path = System/Library/Frameworks/MobileCoreServices.framework; sourceTree = SDKROOT; };
		7A389CDA1C9B90D300950794 /* CFNetwork.framework */ = {isa = PBXFileReference; lastKnownFileType = wrapper.framework; name = CFNetwork.framework; path = System/Library/Frameworks/CFNetwork.framework; sourceTree = SDKROOT; };
		7A389CDC1C9B910C00950794 /* libsqlite3.tbd */ = {isa = PBXFileReference; lastKnownFileType = "sourcecode.text-based-dylib-definition"; name = libsqlite3.tbd; path = usr/lib/libsqlite3.tbd; sourceTree = SDKROOT; };
		7A389CDE1C9B911F00950794 /* libstdc++.6.0.9.tbd */ = {isa = PBXFileReference; lastKnownFileType = "sourcecode.text-based-dylib-definition"; name = "libstdc++.6.0.9.tbd"; path = "usr/lib/libstdc++.6.0.9.tbd"; sourceTree = SDKROOT; };
		7A389CE01C9B912B00950794 /* libz.tbd */ = {isa = PBXFileReference; lastKnownFileType = "sourcecode.text-based-dylib-definition"; name = libz.tbd; path = usr/lib/libz.tbd; sourceTree = SDKROOT; };
		7A389CE21C9B913C00950794 /* libiconv.tbd */ = {isa = PBXFileReference; lastKnownFileType = "sourcecode.text-based-dylib-definition"; name = libiconv.tbd; path = usr/lib/libiconv.tbd; sourceTree = SDKROOT; };
		7A389CE41C9B914B00950794 /* libresolv.tbd */ = {isa = PBXFileReference; lastKnownFileType = "sourcecode.text-based-dylib-definition"; name = libresolv.tbd; path = usr/lib/libresolv.tbd; sourceTree = SDKROOT; };
		7A389CE61C9B915600950794 /* libxml2.tbd */ = {isa = PBXFileReference; lastKnownFileType = "sourcecode.text-based-dylib-definition"; name = libxml2.tbd; path = usr/lib/libxml2.tbd; sourceTree = SDKROOT; };
		7A4532301C9E423E00EDB43C /* LoginViewController.h */ = {isa = PBXFileReference; fileEncoding = 4; lastKnownFileType = sourcecode.c.h; path = LoginViewController.h; sourceTree = "<group>"; };
		7A4532311C9E423E00EDB43C /* LoginViewController.m */ = {isa = PBXFileReference; fileEncoding = 4; lastKnownFileType = sourcecode.c.objc; path = LoginViewController.m; sourceTree = "<group>"; };
		7A4532331C9E426800EDB43C /* RegisterViewController.h */ = {isa = PBXFileReference; fileEncoding = 4; lastKnownFileType = sourcecode.c.h; path = RegisterViewController.h; sourceTree = "<group>"; };
		7A4532341C9E426800EDB43C /* RegisterViewController.m */ = {isa = PBXFileReference; fileEncoding = 4; lastKnownFileType = sourcecode.c.objc; path = RegisterViewController.m; sourceTree = "<group>"; };
		7A4532541C9F9BBA00EDB43C /* CoreLocation.framework */ = {isa = PBXFileReference; lastKnownFileType = wrapper.framework; name = CoreLocation.framework; path = System/Library/Frameworks/CoreLocation.framework; sourceTree = SDKROOT; };
		7A4532561C9F9BDE00EDB43C /* Security.framework */ = {isa = PBXFileReference; lastKnownFileType = wrapper.framework; name = Security.framework; path = System/Library/Frameworks/Security.framework; sourceTree = SDKROOT; };
		7A4532591C9F9C1800EDB43C /* CoreTelephony.framework */ = {isa = PBXFileReference; lastKnownFileType = wrapper.framework; name = CoreTelephony.framework; path = System/Library/Frameworks/CoreTelephony.framework; sourceTree = SDKROOT; };
		7A45325B1C9F9C3500EDB43C /* SystemConfiguration.framework */ = {isa = PBXFileReference; lastKnownFileType = wrapper.framework; name = SystemConfiguration.framework; path = System/Library/Frameworks/SystemConfiguration.framework; sourceTree = SDKROOT; };
		7A45325D1C9F9C4700EDB43C /* libz.1.2.5.tbd */ = {isa = PBXFileReference; lastKnownFileType = "sourcecode.text-based-dylib-definition"; name = libz.1.2.5.tbd; path = usr/lib/libz.1.2.5.tbd; sourceTree = SDKROOT; };
		7A45325F1C9F9C7700EDB43C /* libicucore.tbd */ = {isa = PBXFileReference; lastKnownFileType = "sourcecode.text-based-dylib-definition"; name = libicucore.tbd; path = usr/lib/libicucore.tbd; sourceTree = SDKROOT; };
		7A4532611C9F9C9F00EDB43C /* AVFoundation.framework */ = {isa = PBXFileReference; lastKnownFileType = wrapper.framework; name = AVFoundation.framework; path = System/Library/Frameworks/AVFoundation.framework; sourceTree = SDKROOT; };
		7A4532631C9F9CAE00EDB43C /* MediaPlayer.framework */ = {isa = PBXFileReference; lastKnownFileType = wrapper.framework; name = MediaPlayer.framework; path = System/Library/Frameworks/MediaPlayer.framework; sourceTree = SDKROOT; };
		7A4623ED1C992FED00A6750D /* TypeModel.h */ = {isa = PBXFileReference; fileEncoding = 4; lastKnownFileType = sourcecode.c.h; path = TypeModel.h; sourceTree = "<group>"; };
		7A4623EE1C992FED00A6750D /* TypeModel.m */ = {isa = PBXFileReference; fileEncoding = 4; lastKnownFileType = sourcecode.c.objc; path = TypeModel.m; sourceTree = "<group>"; };
		7A4623F01C99474400A6750D /* 分类2.plist */ = {isa = PBXFileReference; fileEncoding = 4; lastKnownFileType = text.plist; path = "分类2.plist"; sourceTree = "<group>"; };
		7A4623F21C998EA400A6750D /* ChoseModel.h */ = {isa = PBXFileReference; fileEncoding = 4; lastKnownFileType = sourcecode.c.h; path = ChoseModel.h; sourceTree = "<group>"; };
		7A4623F31C998EA400A6750D /* ChoseModel.m */ = {isa = PBXFileReference; fileEncoding = 4; lastKnownFileType = sourcecode.c.objc; path = ChoseModel.m; sourceTree = "<group>"; };
		7A4623F51C999C0B00A6750D /* ChoseCollectionViewCell.h */ = {isa = PBXFileReference; fileEncoding = 4; lastKnownFileType = sourcecode.c.h; path = ChoseCollectionViewCell.h; sourceTree = "<group>"; };
		7A4623F61C999C0B00A6750D /* ChoseCollectionViewCell.m */ = {isa = PBXFileReference; fileEncoding = 4; lastKnownFileType = sourcecode.c.objc; path = ChoseCollectionViewCell.m; sourceTree = "<group>"; };
		7A4623F71C999C0B00A6750D /* ChoseCollectionViewCell.xib */ = {isa = PBXFileReference; fileEncoding = 4; lastKnownFileType = file.xib; path = ChoseCollectionViewCell.xib; sourceTree = "<group>"; };
		7A47640B1C9835BA0057A7D9 /* 搜索大主宰.plist */ = {isa = PBXFileReference; lastKnownFileType = text.plist; path = "搜索大主宰.plist"; sourceTree = "<group>"; };
		7A47640D1C9835C20057A7D9 /* 坏蛋.plist */ = {isa = PBXFileReference; lastKnownFileType = text.plist; path = "坏蛋.plist"; sourceTree = "<group>"; };
		7A4764111C98400C0057A7D9 /* 轮番图.plist */ = {isa = PBXFileReference; lastKnownFileType = text.plist; path = "轮番图.plist"; sourceTree = "<group>"; };
		7A4764131C98408C0057A7D9 /* 分类.plist */ = {isa = PBXFileReference; lastKnownFileType = text.plist; path = "分类.plist"; sourceTree = "<group>"; };
		7A4764151C9847750057A7D9 /* 分类--热门.plist */ = {isa = PBXFileReference; lastKnownFileType = text.plist; path = "分类--热门.plist"; sourceTree = "<group>"; };
		7A4764181C984D900057A7D9 /* VOContentLayer.h */ = {isa = PBXFileReference; fileEncoding = 4; lastKnownFileType = sourcecode.c.h; path = VOContentLayer.h; sourceTree = "<group>"; };
		7A4764191C984D900057A7D9 /* VOContentLayer.m */ = {isa = PBXFileReference; fileEncoding = 4; lastKnownFileType = sourcecode.c.objc; path = VOContentLayer.m; sourceTree = "<group>"; };
		7A47641A1C984D900057A7D9 /* VOIndicatorAnimation.h */ = {isa = PBXFileReference; fileEncoding = 4; lastKnownFileType = sourcecode.c.h; path = VOIndicatorAnimation.h; sourceTree = "<group>"; };
		7A47641B1C984D900057A7D9 /* VOIndicatorAnimation.m */ = {isa = PBXFileReference; fileEncoding = 4; lastKnownFileType = sourcecode.c.objc; path = VOIndicatorAnimation.m; sourceTree = "<group>"; };
		7A47641C1C984D900057A7D9 /* VOSegment.h */ = {isa = PBXFileReference; fileEncoding = 4; lastKnownFileType = sourcecode.c.h; path = VOSegment.h; sourceTree = "<group>"; };
		7A47641D1C984D900057A7D9 /* VOSegment.m */ = {isa = PBXFileReference; fileEncoding = 4; lastKnownFileType = sourcecode.c.objc; path = VOSegment.m; sourceTree = "<group>"; };
		7A47641E1C984D900057A7D9 /* VOSegmentedControl.h */ = {isa = PBXFileReference; fileEncoding = 4; lastKnownFileType = sourcecode.c.h; path = VOSegmentedControl.h; sourceTree = "<group>"; };
		7A47641F1C984D900057A7D9 /* VOSegmentedControl.m */ = {isa = PBXFileReference; fileEncoding = 4; lastKnownFileType = sourcecode.c.objc; path = VOSegmentedControl.m; sourceTree = "<group>"; };
		7A4E32CA1C9FE27900FEF17C /* DownlaodTask.h */ = {isa = PBXFileReference; fileEncoding = 4; lastKnownFileType = sourcecode.c.h; path = DownlaodTask.h; sourceTree = "<group>"; };
		7A4E32CB1C9FE27900FEF17C /* DownlaodTask.m */ = {isa = PBXFileReference; fileEncoding = 4; lastKnownFileType = sourcecode.c.objc; path = DownlaodTask.m; sourceTree = "<group>"; };
		7A54D24C1C9BA0070012224E /* DetailViewController.h */ = {isa = PBXFileReference; fileEncoding = 4; lastKnownFileType = sourcecode.c.h; path = DetailViewController.h; sourceTree = "<group>"; };
		7A54D24D1C9BA0070012224E /* DetailViewController.m */ = {isa = PBXFileReference; fileEncoding = 4; lastKnownFileType = sourcecode.c.objc; path = DetailViewController.m; sourceTree = "<group>"; };
		7A54D24F1C9BA0890012224E /* DetailHeadView.h */ = {isa = PBXFileReference; fileEncoding = 4; lastKnownFileType = sourcecode.c.h; path = DetailHeadView.h; sourceTree = "<group>"; };
		7A54D2501C9BA0890012224E /* DetailHeadView.m */ = {isa = PBXFileReference; fileEncoding = 4; lastKnownFileType = sourcecode.c.objc; path = DetailHeadView.m; sourceTree = "<group>"; };
		7A54D2521C9BA0B80012224E /* DetailHeadView.xib */ = {isa = PBXFileReference; fileEncoding = 4; lastKnownFileType = file.xib; path = DetailHeadView.xib; sourceTree = "<group>"; };
		7A54D2541C9C3C8E0012224E /* 大圈.plist */ = {isa = PBXFileReference; fileEncoding = 4; lastKnownFileType = text.plist; path = "大圈.plist"; sourceTree = "<group>"; };
		7A54D2561C9C3F6A0012224E /* detailModel.h */ = {isa = PBXFileReference; fileEncoding = 4; lastKnownFileType = sourcecode.c.h; path = detailModel.h; sourceTree = "<group>"; };
		7A54D2571C9C3F6A0012224E /* detailModel.m */ = {isa = PBXFileReference; fileEncoding = 4; lastKnownFileType = sourcecode.c.objc; path = detailModel.m; sourceTree = "<group>"; };
		7A68D4E61C9CF0730090DB08 /* 精选.plist */ = {isa = PBXFileReference; fileEncoding = 4; lastKnownFileType = text.plist; path = "精选.plist"; sourceTree = "<group>"; };
		7A68D4E81C9D40100090DB08 /* UIViewController+Common.m */ = {isa = PBXFileReference; fileEncoding = 4; lastKnownFileType = sourcecode.c.objc; path = "UIViewController+Common.m"; sourceTree = "<group>"; };
		7A68D4E91C9D40100090DB08 /* UIViewController+Common.h */ = {isa = PBXFileReference; fileEncoding = 4; lastKnownFileType = sourcecode.c.h; path = "UIViewController+Common.h"; sourceTree = "<group>"; };
		7A68D4EB1C9D450D0090DB08 /* HWTools.h */ = {isa = PBXFileReference; fileEncoding = 4; lastKnownFileType = sourcecode.c.h; path = HWTools.h; sourceTree = "<group>"; };
		7A68D4EC1C9D450D0090DB08 /* HWTools.m */ = {isa = PBXFileReference; fileEncoding = 4; lastKnownFileType = sourcecode.c.objc; path = HWTools.m; sourceTree = "<group>"; };
		7A68D4EE1C9D50360090DB08 /* TypeViewController.h */ = {isa = PBXFileReference; fileEncoding = 4; lastKnownFileType = sourcecode.c.h; path = TypeViewController.h; sourceTree = "<group>"; };
		7A68D4EF1C9D50360090DB08 /* TypeViewController.m */ = {isa = PBXFileReference; fileEncoding = 4; lastKnownFileType = sourcecode.c.objc; path = TypeViewController.m; sourceTree = "<group>"; };
		7A68D4F11C9D587C0090DB08 /* TypeTableViewCell.h */ = {isa = PBXFileReference; fileEncoding = 4; lastKnownFileType = sourcecode.c.h; path = TypeTableViewCell.h; sourceTree = "<group>"; };
		7A68D4F21C9D587C0090DB08 /* TypeTableViewCell.m */ = {isa = PBXFileReference; fileEncoding = 4; lastKnownFileType = sourcecode.c.objc; path = TypeTableViewCell.m; sourceTree = "<group>"; };
		7A68D4F31C9D587C0090DB08 /* TypeTableViewCell.xib */ = {isa = PBXFileReference; fileEncoding = 4; lastKnownFileType = file.xib; path = TypeTableViewCell.xib; sourceTree = "<group>"; };
		7A68D4F71C9D5F750090DB08 /* blueArrow.png */ = {isa = PBXFileReference; lastKnownFileType = image.png; path = blueArrow.png; sourceTree = "<group>"; };
		7A68D4F81C9D5F750090DB08 /* blueArrowDown.png */ = {isa = PBXFileReference; lastKnownFileType = image.png; path = blueArrowDown.png; sourceTree = "<group>"; };
		7A68D4F91C9D5F750090DB08 /* PullingRefreshTableView.h */ = {isa = PBXFileReference; fileEncoding = 4; lastKnownFileType = sourcecode.c.h; path = PullingRefreshTableView.h; sourceTree = "<group>"; };
		7A68D4FA1C9D5F750090DB08 /* PullingRefreshTableView.m */ = {isa = PBXFileReference; fileEncoding = 4; lastKnownFileType = sourcecode.c.objc; path = PullingRefreshTableView.m; sourceTree = "<group>"; };
		7A6BE8411C9A428C006F6E17 /* DownloadDidTableViewCell.h */ = {isa = PBXFileReference; fileEncoding = 4; lastKnownFileType = sourcecode.c.h; path = DownloadDidTableViewCell.h; sourceTree = "<group>"; };
		7A6BE8421C9A428C006F6E17 /* DownloadDidTableViewCell.m */ = {isa = PBXFileReference; fileEncoding = 4; lastKnownFileType = sourcecode.c.objc; path = DownloadDidTableViewCell.m; sourceTree = "<group>"; };
		7A6BE8441C9A47BD006F6E17 /* UIView+UIViewExtension.h */ = {isa = PBXFileReference; fileEncoding = 4; lastKnownFileType = sourcecode.c.h; path = "UIView+UIViewExtension.h"; sourceTree = "<group>"; };
		7A6BE8451C9A47BD006F6E17 /* UIView+UIViewExtension.m */ = {isa = PBXFileReference; fileEncoding = 4; lastKnownFileType = sourcecode.c.objc; path = "UIView+UIViewExtension.m"; sourceTree = "<group>"; };
		7A7501301C9BAD110002FA5C /* LinkManViewController.h */ = {isa = PBXFileReference; fileEncoding = 4; lastKnownFileType = sourcecode.c.h; path = LinkManViewController.h; sourceTree = "<group>"; };
		7A7501311C9BAD110002FA5C /* LinkManViewController.m */ = {isa = PBXFileReference; fileEncoding = 4; lastKnownFileType = sourcecode.c.objc; path = LinkManViewController.m; sourceTree = "<group>"; };
		7A7501331C9BE3BD0002FA5C /* NSString+Common.h */ = {isa = PBXFileReference; fileEncoding = 4; lastKnownFileType = sourcecode.c.h; path = "NSString+Common.h"; sourceTree = "<group>"; };
		7A7501341C9BE3BD0002FA5C /* NSString+Common.m */ = {isa = PBXFileReference; fileEncoding = 4; lastKnownFileType = sourcecode.c.objc; path = "NSString+Common.m"; sourceTree = "<group>"; };
		7A7501371C9BE5180002FA5C /* ProgressHUD.bundle */ = {isa = PBXFileReference; lastKnownFileType = "wrapper.plug-in"; path = ProgressHUD.bundle; sourceTree = "<group>"; };
		7A7501381C9BE5180002FA5C /* ProgressHUD.h */ = {isa = PBXFileReference; fileEncoding = 4; lastKnownFileType = sourcecode.c.h; path = ProgressHUD.h; sourceTree = "<group>"; };
		7A7501391C9BE5180002FA5C /* ProgressHUD.m */ = {isa = PBXFileReference; fileEncoding = 4; lastKnownFileType = sourcecode.c.objc; path = ProgressHUD.m; sourceTree = "<group>"; };
		7A7501691C9C09040002FA5C /* RequestViewController.h */ = {isa = PBXFileReference; fileEncoding = 4; lastKnownFileType = sourcecode.c.h; path = RequestViewController.h; sourceTree = "<group>"; };
		7A75016A1C9C09040002FA5C /* RequestViewController.m */ = {isa = PBXFileReference; fileEncoding = 4; lastKnownFileType = sourcecode.c.objc; path = RequestViewController.m; sourceTree = "<group>"; };
		7A80A3171CA37DCE00845015 /* GroupViewController.h */ = {isa = PBXFileReference; fileEncoding = 4; lastKnownFileType = sourcecode.c.h; path = GroupViewController.h; sourceTree = "<group>"; };
		7A80A3181CA37DCE00845015 /* GroupViewController.m */ = {isa = PBXFileReference; fileEncoding = 4; lastKnownFileType = sourcecode.c.objc; path = GroupViewController.m; sourceTree = "<group>"; };
		7A80A31A1CA389E100845015 /* NewGroupViewController.h */ = {isa = PBXFileReference; fileEncoding = 4; lastKnownFileType = sourcecode.c.h; path = NewGroupViewController.h; sourceTree = "<group>"; };
		7A80A31B1CA389E100845015 /* NewGroupViewController.m */ = {isa = PBXFileReference; fileEncoding = 4; lastKnownFileType = sourcecode.c.objc; path = NewGroupViewController.m; sourceTree = "<group>"; };
		7A965F6D1C99328900DE2547 /* DownloadViewController.h */ = {isa = PBXFileReference; fileEncoding = 4; lastKnownFileType = sourcecode.c.h; path = DownloadViewController.h; sourceTree = "<group>"; };
		7A965F6E1C99328900DE2547 /* DownloadViewController.m */ = {isa = PBXFileReference; fileEncoding = 4; lastKnownFileType = sourcecode.c.objc; path = DownloadViewController.m; sourceTree = "<group>"; };
		7A965F711C99328A00DE2547 /* search.plist */ = {isa = PBXFileReference; lastKnownFileType = text.plist; path = search.plist; sourceTree = "<group>"; };
		7A965F731C99328A00DE2547 /* SearchViewController.h */ = {isa = PBXFileReference; fileEncoding = 4; lastKnownFileType = sourcecode.c.h; path = SearchViewController.h; sourceTree = "<group>"; };
		7A965F741C99328A00DE2547 /* SearchViewController.m */ = {isa = PBXFileReference; fileEncoding = 4; lastKnownFileType = sourcecode.c.objc; path = SearchViewController.m; sourceTree = "<group>"; };
		7A965F781C993B2A00DE2547 /* SearchModel.h */ = {isa = PBXFileReference; fileEncoding = 4; lastKnownFileType = sourcecode.c.h; path = SearchModel.h; sourceTree = "<group>"; };
		7A965F791C993B2A00DE2547 /* SearchModel.m */ = {isa = PBXFileReference; fileEncoding = 4; lastKnownFileType = sourcecode.c.objc; path = SearchModel.m; sourceTree = "<group>"; };
		7A965F7B1C9993B200DE2547 /* TableViewCell.h */ = {isa = PBXFileReference; fileEncoding = 4; lastKnownFileType = sourcecode.c.h; name = TableViewCell.h; path = LessionBook/Class/Seach/Modeles/TableViewCell.h; sourceTree = SOURCE_ROOT; };
		7A965F7C1C9993B200DE2547 /* TableViewCell.m */ = {isa = PBXFileReference; fileEncoding = 4; lastKnownFileType = sourcecode.c.objc; name = TableViewCell.m; path = LessionBook/Class/Seach/Modeles/TableViewCell.m; sourceTree = SOURCE_ROOT; };
		7A965F7D1C9993B200DE2547 /* TableViewCell.xib */ = {isa = PBXFileReference; fileEncoding = 4; lastKnownFileType = file.xib; name = TableViewCell.xib; path = LessionBook/Class/Seach/Modeles/TableViewCell.xib; sourceTree = SOURCE_ROOT; };
		7A965F811C9998FF00DE2547 /* DownloadTableViewCell.h */ = {isa = PBXFileReference; fileEncoding = 4; lastKnownFileType = sourcecode.c.h; path = DownloadTableViewCell.h; sourceTree = "<group>"; };
		7A965F821C9998FF00DE2547 /* DownloadTableViewCell.m */ = {isa = PBXFileReference; fileEncoding = 4; lastKnownFileType = sourcecode.c.objc; path = DownloadTableViewCell.m; sourceTree = "<group>"; };
		7A965F831C9998FF00DE2547 /* DownloadTableViewCell.xib */ = {isa = PBXFileReference; fileEncoding = 4; lastKnownFileType = file.xib; path = DownloadTableViewCell.xib; sourceTree = "<group>"; };
		7A99D4481C97EE31001DD9B9 /* LessionBook.app */ = {isa = PBXFileReference; explicitFileType = wrapper.application; includeInIndex = 0; path = LessionBook.app; sourceTree = BUILT_PRODUCTS_DIR; };
		7A99D44C1C97EE31001DD9B9 /* main.m */ = {isa = PBXFileReference; lastKnownFileType = sourcecode.c.objc; path = main.m; sourceTree = "<group>"; };
		7A99D44E1C97EE31001DD9B9 /* AppDelegate.h */ = {isa = PBXFileReference; lastKnownFileType = sourcecode.c.h; path = AppDelegate.h; sourceTree = "<group>"; };
		7A99D44F1C97EE31001DD9B9 /* AppDelegate.m */ = {isa = PBXFileReference; lastKnownFileType = sourcecode.c.objc; path = AppDelegate.m; sourceTree = "<group>"; };
		7A99D4511C97EE31001DD9B9 /* Assets.xcassets */ = {isa = PBXFileReference; lastKnownFileType = folder.assetcatalog; path = Assets.xcassets; sourceTree = "<group>"; };
		7A99D4541C97EE31001DD9B9 /* Base */ = {isa = PBXFileReference; lastKnownFileType = file.storyboard; name = Base; path = Base.lproj/LaunchScreen.storyboard; sourceTree = "<group>"; };
		7A99D4561C97EE31001DD9B9 /* Info.plist */ = {isa = PBXFileReference; lastKnownFileType = text.plist.xml; path = Info.plist; sourceTree = "<group>"; };
		7A9BBA1D1C9CF60700CA55D9 /* Storyboard.storyboard */ = {isa = PBXFileReference; fileEncoding = 4; lastKnownFileType = file.storyboard; path = Storyboard.storyboard; sourceTree = "<group>"; };
		7A9BBA1F1C9D08C900CA55D9 /* SingleViewController.h */ = {isa = PBXFileReference; fileEncoding = 4; lastKnownFileType = sourcecode.c.h; path = SingleViewController.h; sourceTree = "<group>"; };
		7A9BBA201C9D08C900CA55D9 /* SingleViewController.m */ = {isa = PBXFileReference; fileEncoding = 4; lastKnownFileType = sourcecode.c.objc; path = SingleViewController.m; sourceTree = "<group>"; };
		7A9BBA221C9D3AA200CA55D9 /* CoreGraphics.framework */ = {isa = PBXFileReference; lastKnownFileType = wrapper.framework; name = CoreGraphics.framework; path = System/Library/Frameworks/CoreGraphics.framework; sourceTree = SDKROOT; };
		7A9FFBAC1C99565A0045ECBC /* FavoriteViewController.h */ = {isa = PBXFileReference; fileEncoding = 4; lastKnownFileType = sourcecode.c.h; path = FavoriteViewController.h; sourceTree = "<group>"; };
		7A9FFBAD1C99565A0045ECBC /* FavoriteViewController.m */ = {isa = PBXFileReference; fileEncoding = 4; lastKnownFileType = sourcecode.c.objc; path = FavoriteViewController.m; sourceTree = "<group>"; };
		7A9FFBAF1C9983C80045ECBC /* RecordViewController.h */ = {isa = PBXFileReference; fileEncoding = 4; lastKnownFileType = sourcecode.c.h; path = RecordViewController.h; sourceTree = "<group>"; };
		7A9FFBB01C9983C80045ECBC /* RecordViewController.m */ = {isa = PBXFileReference; fileEncoding = 4; lastKnownFileType = sourcecode.c.objc; path = RecordViewController.m; sourceTree = "<group>"; };
		7AB437031C9A4D2100532A9A /* ChoseTableViewCell.h */ = {isa = PBXFileReference; fileEncoding = 4; lastKnownFileType = sourcecode.c.h; path = ChoseTableViewCell.h; sourceTree = "<group>"; };
		7AB437041C9A4D2100532A9A /* ChoseTableViewCell.m */ = {isa = PBXFileReference; fileEncoding = 4; lastKnownFileType = sourcecode.c.objc; path = ChoseTableViewCell.m; sourceTree = "<group>"; };
		7AB437051C9A4D2100532A9A /* ChoseTableViewCell.xib */ = {isa = PBXFileReference; fileEncoding = 4; lastKnownFileType = file.xib; path = ChoseTableViewCell.xib; sourceTree = "<group>"; };
		7ABFC11F1C98FFCF004B9AA6 /* Header.h */ = {isa = PBXFileReference; lastKnownFileType = sourcecode.c.h; path = Header.h; sourceTree = "<group>"; };
		7AD1C4AA1C9BA204001346CA /* MessageViewController.h */ = {isa = PBXFileReference; fileEncoding = 4; lastKnownFileType = sourcecode.c.h; path = MessageViewController.h; sourceTree = "<group>"; };
		7AD1C4AB1C9BA204001346CA /* MessageViewController.m */ = {isa = PBXFileReference; fileEncoding = 4; lastKnownFileType = sourcecode.c.objc; path = MessageViewController.m; sourceTree = "<group>"; };
		7ADC1BEA1CA0F14A000DF95B /* dddd.plist */ = {isa = PBXFileReference; fileEncoding = 4; lastKnownFileType = text.plist.xml; path = dddd.plist; sourceTree = "<group>"; };
		7ADC1BEF1CA14F3B000DF95B /* ChatBoxeViewController.h */ = {isa = PBXFileReference; fileEncoding = 4; lastKnownFileType = sourcecode.c.h; path = ChatBoxeViewController.h; sourceTree = "<group>"; };
		7ADC1BF01CA14F3B000DF95B /* ChatBoxeViewController.m */ = {isa = PBXFileReference; fileEncoding = 4; lastKnownFileType = sourcecode.c.objc; path = ChatBoxeViewController.m; sourceTree = "<group>"; };
		7AE264B51C9840A9006C9A6D /* MyViewController.h */ = {isa = PBXFileReference; fileEncoding = 4; lastKnownFileType = sourcecode.c.h; path = MyViewController.h; sourceTree = "<group>"; };
		7AE264B61C9840A9006C9A6D /* MyViewController.m */ = {isa = PBXFileReference; fileEncoding = 4; lastKnownFileType = sourcecode.c.objc; path = MyViewController.m; sourceTree = "<group>"; };
		7AE264B81C9841D4006C9A6D /* My.storyboard */ = {isa = PBXFileReference; fileEncoding = 4; lastKnownFileType = file.storyboard; path = My.storyboard; sourceTree = "<group>"; };
		7AE2889C1C980FB800596833 /* HWDefine.pch */ = {isa = PBXFileReference; lastKnownFileType = sourcecode.c.h; path = HWDefine.pch; sourceTree = "<group>"; };
		7AE2889D1C98118000596833 /* DiscoverViewController.h */ = {isa = PBXFileReference; fileEncoding = 4; lastKnownFileType = sourcecode.c.h; path = DiscoverViewController.h; sourceTree = "<group>"; };
		7AE2889E1C98118000596833 /* DiscoverViewController.m */ = {isa = PBXFileReference; fileEncoding = 4; lastKnownFileType = sourcecode.c.objc; path = DiscoverViewController.m; sourceTree = "<group>"; };
		7AFE6DFF1C9A512D0041A33B /* TimeView.h */ = {isa = PBXFileReference; fileEncoding = 4; lastKnownFileType = sourcecode.c.h; path = TimeView.h; sourceTree = "<group>"; };
		7AFE6E001C9A512D0041A33B /* TimeView.m */ = {isa = PBXFileReference; fileEncoding = 4; lastKnownFileType = sourcecode.c.objc; path = TimeView.m; sourceTree = "<group>"; };
		7AFFB1B91C9EA12E00B8E3FB /* typeDetailModel.h */ = {isa = PBXFileReference; fileEncoding = 4; lastKnownFileType = sourcecode.c.h; path = typeDetailModel.h; sourceTree = "<group>"; };
		7AFFB1BA1C9EA12E00B8E3FB /* typeDetailModel.m */ = {isa = PBXFileReference; fileEncoding = 4; lastKnownFileType = sourcecode.c.objc; path = typeDetailModel.m; sourceTree = "<group>"; };
		B8E1B894ED2483C469F39545 /* libPods.a */ = {isa = PBXFileReference; explicitFileType = archive.ar; includeInIndex = 0; path = libPods.a; sourceTree = BUILT_PRODUCTS_DIR; };
/* End PBXFileReference section */

/* Begin PBXFrameworksBuildPhase section */
		7A99D4451C97EE31001DD9B9 /* Frameworks */ = {
			isa = PBXFrameworksBuildPhase;
			buildActionMask = 2147483647;
			files = (
				7A0042821CA23E0D00904873 /* libsqlite3.tbd in Frameworks */,
				7A1A79B71C9FE7FE0001C962 /* JavaScriptCore.framework in Frameworks */,
				7A1A79B51C9FE7CE0001C962 /* libstdc++.tbd in Frameworks */,
				7A389CE11C9B912B00950794 /* libz.tbd in Frameworks */,
				7A1A79B31C9FE7AE0001C962 /* libicucore.tbd in Frameworks */,
				7A4532641C9F9CAE00EDB43C /* MediaPlayer.framework in Frameworks */,
				7A4532621C9F9C9F00EDB43C /* AVFoundation.framework in Frameworks */,
				7A45325E1C9F9C4700EDB43C /* libz.1.2.5.tbd in Frameworks */,
				7A45325C1C9F9C3500EDB43C /* SystemConfiguration.framework in Frameworks */,
				7A45325A1C9F9C1800EDB43C /* CoreTelephony.framework in Frameworks */,
				7A4532581C9F9BEE00EDB43C /* CoreGraphics.framework in Frameworks */,
				7A4532571C9F9BDE00EDB43C /* Security.framework in Frameworks */,
				7A4532551C9F9BBA00EDB43C /* CoreLocation.framework in Frameworks */,
				7A389CE71C9B915600950794 /* libxml2.tbd in Frameworks */,
				7A389CE51C9B914B00950794 /* libresolv.tbd in Frameworks */,
				7A389CE31C9B913C00950794 /* libiconv.tbd in Frameworks */,
				7A389CDF1C9B911F00950794 /* libstdc++.6.0.9.tbd in Frameworks */,
				7A389CDB1C9B90D300950794 /* CFNetwork.framework in Frameworks */,
				7A389CD91C9B90C900950794 /* MobileCoreServices.framework in Frameworks */,
				F3C52409254B7E14DA087F46 /* libPods.a in Frameworks */,
			);
			runOnlyForDeploymentPostprocessing = 0;
		};
/* End PBXFrameworksBuildPhase section */

/* Begin PBXGroup section */
		12BB96C7D9304EFD5EC9AB4C /* Frameworks */ = {
			isa = PBXGroup;
			children = (
				7A1A79B81C9FE81B0001C962 /* ImageIO.framework */,
				7A1A79B61C9FE7FE0001C962 /* JavaScriptCore.framework */,
				7A1A79B41C9FE7CE0001C962 /* libstdc++.tbd */,
				7A1A79B21C9FE7AE0001C962 /* libicucore.tbd */,
				7A4532631C9F9CAE00EDB43C /* MediaPlayer.framework */,
				7A4532611C9F9C9F00EDB43C /* AVFoundation.framework */,
				7A45325F1C9F9C7700EDB43C /* libicucore.tbd */,
				7A45325D1C9F9C4700EDB43C /* libz.1.2.5.tbd */,
				7A45325B1C9F9C3500EDB43C /* SystemConfiguration.framework */,
				7A4532591C9F9C1800EDB43C /* CoreTelephony.framework */,
				7A4532561C9F9BDE00EDB43C /* Security.framework */,
				7A4532541C9F9BBA00EDB43C /* CoreLocation.framework */,
				7A9BBA221C9D3AA200CA55D9 /* CoreGraphics.framework */,
				7A389CE61C9B915600950794 /* libxml2.tbd */,
				7A389CE41C9B914B00950794 /* libresolv.tbd */,
				7A389CE21C9B913C00950794 /* libiconv.tbd */,
				7A389CE01C9B912B00950794 /* libz.tbd */,
				7A389CDE1C9B911F00950794 /* libstdc++.6.0.9.tbd */,
				7A389CDC1C9B910C00950794 /* libsqlite3.tbd */,
				7A389CDA1C9B90D300950794 /* CFNetwork.framework */,
				7A389CD81C9B90C800950794 /* MobileCoreServices.framework */,
				B8E1B894ED2483C469F39545 /* libPods.a */,
			);
			name = Frameworks;
			sourceTree = "<group>";
		};
		13E6720B65CD1A6634EE45CD /* Pods */ = {
			isa = PBXGroup;
			children = (
				706A4DEFC7FBB216AD8C4E61 /* Pods.debug.xcconfig */,
				67981FB38F5840FA5D07AC7F /* Pods.release.xcconfig */,
			);
			name = Pods;
			sourceTree = "<group>";
		};
		7A4764171C984D900057A7D9 /* VOSegmentedControl */ = {
			isa = PBXGroup;
			children = (
				7A4764181C984D900057A7D9 /* VOContentLayer.h */,
				7A4764191C984D900057A7D9 /* VOContentLayer.m */,
				7A47641A1C984D900057A7D9 /* VOIndicatorAnimation.h */,
				7A47641B1C984D900057A7D9 /* VOIndicatorAnimation.m */,
				7A47641C1C984D900057A7D9 /* VOSegment.h */,
				7A47641D1C984D900057A7D9 /* VOSegment.m */,
				7A47641E1C984D900057A7D9 /* VOSegmentedControl.h */,
				7A47641F1C984D900057A7D9 /* VOSegmentedControl.m */,
			);
			path = VOSegmentedControl;
			sourceTree = "<group>";
		};
		7A68D4F61C9D5F750090DB08 /* PullingRefreshTableView */ = {
			isa = PBXGroup;
			children = (
				7A68D4F71C9D5F750090DB08 /* blueArrow.png */,
				7A68D4F81C9D5F750090DB08 /* blueArrowDown.png */,
				7A68D4F91C9D5F750090DB08 /* PullingRefreshTableView.h */,
				7A68D4FA1C9D5F750090DB08 /* PullingRefreshTableView.m */,
			);
			path = PullingRefreshTableView;
			sourceTree = "<group>";
		};
		7A7501361C9BE5180002FA5C /* ProgressHUD */ = {
			isa = PBXGroup;
			children = (
				7A7501371C9BE5180002FA5C /* ProgressHUD.bundle */,
				7A7501381C9BE5180002FA5C /* ProgressHUD.h */,
				7A7501391C9BE5180002FA5C /* ProgressHUD.m */,
			);
			path = ProgressHUD;
			sourceTree = "<group>";
		};
		7A965F6A1C99328900DE2547 /* Download */ = {
			isa = PBXGroup;
			children = (
				7A965F801C99989D00DE2547 /* viewes */,
				7A965F6B1C99328900DE2547 /* modeles */,
				7A965F6C1C99328900DE2547 /* viewControllers */,
			);
			path = Download;
			sourceTree = "<group>";
		};
		7A965F6B1C99328900DE2547 /* modeles */ = {
			isa = PBXGroup;
			children = (
				7A4E32CA1C9FE27900FEF17C /* DownlaodTask.h */,
				7A4E32CB1C9FE27900FEF17C /* DownlaodTask.m */,
			);
			path = modeles;
			sourceTree = "<group>";
		};
		7A965F6C1C99328900DE2547 /* viewControllers */ = {
			isa = PBXGroup;
			children = (
				7A965F6D1C99328900DE2547 /* DownloadViewController.h */,
				7A965F6E1C99328900DE2547 /* DownloadViewController.m */,
				7AD1C4AA1C9BA204001346CA /* MessageViewController.h */,
				7AD1C4AB1C9BA204001346CA /* MessageViewController.m */,
				7A7501301C9BAD110002FA5C /* LinkManViewController.h */,
				7A7501311C9BAD110002FA5C /* LinkManViewController.m */,
				7A7501691C9C09040002FA5C /* RequestViewController.h */,
				7A75016A1C9C09040002FA5C /* RequestViewController.m */,
				7A9BBA1F1C9D08C900CA55D9 /* SingleViewController.h */,
				7A9BBA201C9D08C900CA55D9 /* SingleViewController.m */,
				7ADC1BEF1CA14F3B000DF95B /* ChatBoxeViewController.h */,
				7ADC1BF01CA14F3B000DF95B /* ChatBoxeViewController.m */,
				7A80A3171CA37DCE00845015 /* GroupViewController.h */,
				7A80A3181CA37DCE00845015 /* GroupViewController.m */,
				7A80A31A1CA389E100845015 /* NewGroupViewController.h */,
				7A80A31B1CA389E100845015 /* NewGroupViewController.m */,
			);
			path = viewControllers;
			sourceTree = "<group>";
		};
		7A965F6F1C99328900DE2547 /* Seach */ = {
			isa = PBXGroup;
			children = (
				7A965F701C99328A00DE2547 /* Modeles */,
				7A965F721C99328A00DE2547 /* ViewControllers */,
			);
			path = Seach;
			sourceTree = "<group>";
		};
		7A965F701C99328A00DE2547 /* Modeles */ = {
			isa = PBXGroup;
			children = (
				7A965F711C99328A00DE2547 /* search.plist */,
				7A965F781C993B2A00DE2547 /* SearchModel.h */,
				7A965F791C993B2A00DE2547 /* SearchModel.m */,
				7ADC1BEA1CA0F14A000DF95B /* dddd.plist */,
			);
			path = Modeles;
			sourceTree = "<group>";
		};
		7A965F721C99328A00DE2547 /* ViewControllers */ = {
			isa = PBXGroup;
			children = (
				7A965F731C99328A00DE2547 /* SearchViewController.h */,
				7A965F741C99328A00DE2547 /* SearchViewController.m */,
			);
			path = ViewControllers;
			sourceTree = "<group>";
		};
		7A965F801C99989D00DE2547 /* viewes */ = {
			isa = PBXGroup;
			children = (
				7A965F811C9998FF00DE2547 /* DownloadTableViewCell.h */,
				7A965F821C9998FF00DE2547 /* DownloadTableViewCell.m */,
				7A965F831C9998FF00DE2547 /* DownloadTableViewCell.xib */,
				7A6BE8411C9A428C006F6E17 /* DownloadDidTableViewCell.h */,
				7A6BE8421C9A428C006F6E17 /* DownloadDidTableViewCell.m */,
				7A9BBA1D1C9CF60700CA55D9 /* Storyboard.storyboard */,
			);
			path = viewes;
			sourceTree = "<group>";
		};
		7A99D43F1C97EE31001DD9B9 = {
			isa = PBXGroup;
			children = (
				7A99D44A1C97EE31001DD9B9 /* LessionBook */,
				7A99D4491C97EE31001DD9B9 /* Products */,
				13E6720B65CD1A6634EE45CD /* Pods */,
				12BB96C7D9304EFD5EC9AB4C /* Frameworks */,
			);
			sourceTree = "<group>";
		};
		7A99D4491C97EE31001DD9B9 /* Products */ = {
			isa = PBXGroup;
			children = (
				7A99D4481C97EE31001DD9B9 /* LessionBook.app */,
			);
			name = Products;
			sourceTree = "<group>";
		};
		7A99D44A1C97EE31001DD9B9 /* LessionBook */ = {
			isa = PBXGroup;
			children = (
				7A1A79D51CA025E20001C962 /* DIDI2.jpg */,
				7AE2889A1C980EEF00596833 /* Library */,
				7AA0C53B1C980BEA001275A0 /* Class */,
				7A99D44E1C97EE31001DD9B9 /* AppDelegate.h */,
				7A99D44F1C97EE31001DD9B9 /* AppDelegate.m */,
				7A99D4511C97EE31001DD9B9 /* Assets.xcassets */,
				7A99D4531C97EE31001DD9B9 /* LaunchScreen.storyboard */,
				7A99D4561C97EE31001DD9B9 /* Info.plist */,
				7A99D44B1C97EE31001DD9B9 /* Supporting Files */,
			);
			path = LessionBook;
			sourceTree = "<group>";
		};
		7A99D44B1C97EE31001DD9B9 /* Supporting Files */ = {
			isa = PBXGroup;
			children = (
				7A99D44C1C97EE31001DD9B9 /* main.m */,
			);
			name = "Supporting Files";
			sourceTree = "<group>";
		};
		7AA0C53B1C980BEA001275A0 /* Class */ = {
			isa = PBXGroup;
			children = (
				7A965F6A1C99328900DE2547 /* Download */,
				7A965F6F1C99328900DE2547 /* Seach */,
				7AE264B11C984075006C9A6D /* My */,
				7AA0C53C1C980BEA001275A0 /* Discover */,
			);
			path = Class;
			sourceTree = "<group>";
		};
		7AA0C53C1C980BEA001275A0 /* Discover */ = {
			isa = PBXGroup;
			children = (
				7AA0C53D1C980BEA001275A0 /* Controllers */,
				7AA0C53E1C980BEA001275A0 /* Models */,
				7AA0C53F1C980BEA001275A0 /* Views */,
			);
			path = Discover;
			sourceTree = "<group>";
		};
		7AA0C53D1C980BEA001275A0 /* Controllers */ = {
			isa = PBXGroup;
			children = (
				7AE2889D1C98118000596833 /* DiscoverViewController.h */,
				7AE2889E1C98118000596833 /* DiscoverViewController.m */,
				7A54D24C1C9BA0070012224E /* DetailViewController.h */,
				7A54D24D1C9BA0070012224E /* DetailViewController.m */,
				7A68D4EE1C9D50360090DB08 /* TypeViewController.h */,
				7A68D4EF1C9D50360090DB08 /* TypeViewController.m */,
				7A0AB13F1CA5312A0085875C /* DownloadListViewController.h */,
				7A0AB1401CA5312A0085875C /* DownloadListViewController.m */,
			);
			path = Controllers;
			sourceTree = "<group>";
		};
		7AA0C53E1C980BEA001275A0 /* Models */ = {
			isa = PBXGroup;
			children = (
				7A4764131C98408C0057A7D9 /* 分类.plist */,
				7A4623F01C99474400A6750D /* 分类2.plist */,
				7A4764111C98400C0057A7D9 /* 轮番图.plist */,
				7A4764151C9847750057A7D9 /* 分类--热门.plist */,
				7A47640B1C9835BA0057A7D9 /* 搜索大主宰.plist */,
				7A68D4E61C9CF0730090DB08 /* 精选.plist */,
				7A47640D1C9835C20057A7D9 /* 坏蛋.plist */,
				7A54D2541C9C3C8E0012224E /* 大圈.plist */,
				7A4623ED1C992FED00A6750D /* TypeModel.h */,
				7A4623EE1C992FED00A6750D /* TypeModel.m */,
				7AFFB1B91C9EA12E00B8E3FB /* typeDetailModel.h */,
				7AFFB1BA1C9EA12E00B8E3FB /* typeDetailModel.m */,
				7A4623F21C998EA400A6750D /* ChoseModel.h */,
				7A4623F31C998EA400A6750D /* ChoseModel.m */,
				7A54D2561C9C3F6A0012224E /* detailModel.h */,
				7A54D2571C9C3F6A0012224E /* detailModel.m */,
			);
			path = Models;
			sourceTree = "<group>";
		};
		7AA0C53F1C980BEA001275A0 /* Views */ = {
			isa = PBXGroup;
			children = (
				7A4623F51C999C0B00A6750D /* ChoseCollectionViewCell.h */,
				7A4623F61C999C0B00A6750D /* ChoseCollectionViewCell.m */,
				7A4623F71C999C0B00A6750D /* ChoseCollectionViewCell.xib */,
				7A965F7B1C9993B200DE2547 /* TableViewCell.h */,
				7A965F7C1C9993B200DE2547 /* TableViewCell.m */,
				7A965F7D1C9993B200DE2547 /* TableViewCell.xib */,
				7AB437031C9A4D2100532A9A /* ChoseTableViewCell.h */,
				7AB437041C9A4D2100532A9A /* ChoseTableViewCell.m */,
				7AB437051C9A4D2100532A9A /* ChoseTableViewCell.xib */,
				7A54D24F1C9BA0890012224E /* DetailHeadView.h */,
				7A54D2501C9BA0890012224E /* DetailHeadView.m */,
				7A54D2521C9BA0B80012224E /* DetailHeadView.xib */,
				7A68D4F11C9D587C0090DB08 /* TypeTableViewCell.h */,
				7A68D4F21C9D587C0090DB08 /* TypeTableViewCell.m */,
				7A68D4F31C9D587C0090DB08 /* TypeTableViewCell.xib */,
			);
			path = Views;
			sourceTree = "<group>";
		};
		7AE264B11C984075006C9A6D /* My */ = {
			isa = PBXGroup;
			children = (
				7AE264B21C984075006C9A6D /* Controllres */,
				7AE264B31C984075006C9A6D /* Models */,
				7AE264B41C984075006C9A6D /* Views */,
			);
			path = My;
			sourceTree = "<group>";
		};
		7AE264B21C984075006C9A6D /* Controllres */ = {
			isa = PBXGroup;
			children = (
				7AE264B51C9840A9006C9A6D /* MyViewController.h */,
				7AE264B61C9840A9006C9A6D /* MyViewController.m */,
				7A9FFBAC1C99565A0045ECBC /* FavoriteViewController.h */,
				7A9FFBAD1C99565A0045ECBC /* FavoriteViewController.m */,
				7A9FFBAF1C9983C80045ECBC /* RecordViewController.h */,
				7A9FFBB01C9983C80045ECBC /* RecordViewController.m */,
				7A4532301C9E423E00EDB43C /* LoginViewController.h */,
				7A4532311C9E423E00EDB43C /* LoginViewController.m */,
				7A4532331C9E426800EDB43C /* RegisterViewController.h */,
				7A4532341C9E426800EDB43C /* RegisterViewController.m */,
				7A0AB1391CA4D3B50085875C /* AccountViewController.h */,
				7A0AB13A1CA4D3B50085875C /* AccountViewController.m */,
			);
			path = Controllres;
			sourceTree = "<group>";
		};
		7AE264B31C984075006C9A6D /* Models */ = {
			isa = PBXGroup;
			children = (
				7A1BE5151CA289B3000B7B13 /* BookInformation.h */,
				7A1BE5161CA289B3000B7B13 /* BookInformation.m */,
				7A1BE5181CA289DF000B7B13 /* SqlModel.h */,
				7A1BE5191CA289DF000B7B13 /* SqlModel.m */,
			);
			path = Models;
			sourceTree = "<group>";
		};
		7AE264B41C984075006C9A6D /* Views */ = {
			isa = PBXGroup;
			children = (
				7AE264B81C9841D4006C9A6D /* My.storyboard */,
				7AFE6DFF1C9A512D0041A33B /* TimeView.h */,
				7AFE6E001C9A512D0041A33B /* TimeView.m */,
				7A1BE51B1CA2BF77000B7B13 /* FavoriteTableViewCell.h */,
				7A1BE51C1CA2BF77000B7B13 /* FavoriteTableViewCell.m */,
				7A1BE51D1CA2BF77000B7B13 /* FavoriteTableViewCell.xib */,
			);
			path = Views;
			sourceTree = "<group>";
		};
		7AE2889A1C980EEF00596833 /* Library */ = {
			isa = PBXGroup;
			children = (
				7AE2889B1C980EEF00596833 /* tools */,
			);
			path = Library;
			sourceTree = "<group>";
		};
		7AE2889B1C980EEF00596833 /* tools */ = {
			isa = PBXGroup;
			children = (
				7A68D4F61C9D5F750090DB08 /* PullingRefreshTableView */,
				7A4764171C984D900057A7D9 /* VOSegmentedControl */,
				7A7501361C9BE5180002FA5C /* ProgressHUD */,
				7A6BE8441C9A47BD006F6E17 /* UIView+UIViewExtension.h */,
				7A6BE8451C9A47BD006F6E17 /* UIView+UIViewExtension.m */,
				7A7501331C9BE3BD0002FA5C /* NSString+Common.h */,
				7A7501341C9BE3BD0002FA5C /* NSString+Common.m */,
				7A68D4E91C9D40100090DB08 /* UIViewController+Common.h */,
				7A68D4E81C9D40100090DB08 /* UIViewController+Common.m */,
				7AE2889C1C980FB800596833 /* HWDefine.pch */,
				7ABFC11F1C98FFCF004B9AA6 /* Header.h */,
				7A68D4EB1C9D450D0090DB08 /* HWTools.h */,
				7A68D4EC1C9D450D0090DB08 /* HWTools.m */,
			);
			path = tools;
			sourceTree = "<group>";
		};
/* End PBXGroup section */

/* Begin PBXNativeTarget section */
		7A99D4471C97EE31001DD9B9 /* LessionBook */ = {
			isa = PBXNativeTarget;
			buildConfigurationList = 7A99D4591C97EE31001DD9B9 /* Build configuration list for PBXNativeTarget "LessionBook" */;
			buildPhases = (
				527FD340FD1A82308CB03A92 /* Check Pods Manifest.lock */,
				7A99D4441C97EE31001DD9B9 /* Sources */,
				7A99D4451C97EE31001DD9B9 /* Frameworks */,
				7A99D4461C97EE31001DD9B9 /* Resources */,
				D10AFE1080F3487F9C6BD639 /* Embed Pods Frameworks */,
				9407C5120299FD7877C77D7A /* Copy Pods Resources */,
			);
			buildRules = (
			);
			dependencies = (
			);
			name = LessionBook;
			productName = LessionBook;
			productReference = 7A99D4481C97EE31001DD9B9 /* LessionBook.app */;
			productType = "com.apple.product-type.application";
		};
/* End PBXNativeTarget section */

/* Begin PBXProject section */
		7A99D4401C97EE31001DD9B9 /* Project object */ = {
			isa = PBXProject;
			attributes = {
				LastUpgradeCheck = 0720;
				ORGANIZATIONNAME = "迪士尼工作室";
				TargetAttributes = {
					7A99D4471C97EE31001DD9B9 = {
						CreatedOnToolsVersion = 7.2;
						DevelopmentTeam = DE92S34P85;
					};
				};
			};
			buildConfigurationList = 7A99D4431C97EE31001DD9B9 /* Build configuration list for PBXProject "LessionBook" */;
			compatibilityVersion = "Xcode 3.2";
			developmentRegion = English;
			hasScannedForEncodings = 0;
			knownRegions = (
				en,
				Base,
			);
			mainGroup = 7A99D43F1C97EE31001DD9B9;
			productRefGroup = 7A99D4491C97EE31001DD9B9 /* Products */;
			projectDirPath = "";
			projectRoot = "";
			targets = (
				7A99D4471C97EE31001DD9B9 /* LessionBook */,
			);
		};
/* End PBXProject section */

/* Begin PBXResourcesBuildPhase section */
		7A99D4461C97EE31001DD9B9 /* Resources */ = {
			isa = PBXResourcesBuildPhase;
			buildActionMask = 2147483647;
			files = (
				7A75013A1C9BE5180002FA5C /* ProgressHUD.bundle in Resources */,
				7A4623F11C99474400A6750D /* 分类2.plist in Resources */,
				7A68D4E71C9CF0730090DB08 /* 精选.plist in Resources */,
				7A4623F91C999C0B00A6750D /* ChoseCollectionViewCell.xib in Resources */,
				7A965F7F1C9993B200DE2547 /* TableViewCell.xib in Resources */,
				7A1A79D61CA025E20001C962 /* DIDI2.jpg in Resources */,
				7A54D2531C9BA0B80012224E /* DetailHeadView.xib in Resources */,
				7A47640E1C9835C20057A7D9 /* 坏蛋.plist in Resources */,
				7A9BBA1E1C9CF60700CA55D9 /* Storyboard.storyboard in Resources */,
				7AB437071C9A4D2100532A9A /* ChoseTableViewCell.xib in Resources */,
				7AE264B91C9841D4006C9A6D /* My.storyboard in Resources */,
				7ADC1BEB1CA0F14A000DF95B /* dddd.plist in Resources */,
				7A99D4521C97EE31001DD9B9 /* Assets.xcassets in Resources */,
				7A965F851C9998FF00DE2547 /* DownloadTableViewCell.xib in Resources */,
				7A54D2551C9C3C8E0012224E /* 大圈.plist in Resources */,
				7A99D4551C97EE31001DD9B9 /* LaunchScreen.storyboard in Resources */,
				7A4764161C9847750057A7D9 /* 分类--热门.plist in Resources */,
				7A68D4FC1C9D5F750090DB08 /* blueArrowDown.png in Resources */,
				7A68D4F51C9D587C0090DB08 /* TypeTableViewCell.xib in Resources */,
				7A4764121C98400C0057A7D9 /* 轮番图.plist in Resources */,
				7A4764141C98408C0057A7D9 /* 分类.plist in Resources */,
				7A68D4FB1C9D5F750090DB08 /* blueArrow.png in Resources */,
				7A1BE51F1CA2BF77000B7B13 /* FavoriteTableViewCell.xib in Resources */,
				7A965F761C99328A00DE2547 /* search.plist in Resources */,
				7A47640C1C9835BA0057A7D9 /* 搜索大主宰.plist in Resources */,
			);
			runOnlyForDeploymentPostprocessing = 0;
		};
/* End PBXResourcesBuildPhase section */

/* Begin PBXShellScriptBuildPhase section */
		527FD340FD1A82308CB03A92 /* Check Pods Manifest.lock */ = {
			isa = PBXShellScriptBuildPhase;
			buildActionMask = 2147483647;
			files = (
			);
			inputPaths = (
			);
			name = "Check Pods Manifest.lock";
			outputPaths = (
			);
			runOnlyForDeploymentPostprocessing = 0;
			shellPath = /bin/sh;
			shellScript = "diff \"${PODS_ROOT}/../Podfile.lock\" \"${PODS_ROOT}/Manifest.lock\" > /dev/null\nif [[ $? != 0 ]] ; then\n    cat << EOM\nerror: The sandbox is not in sync with the Podfile.lock. Run 'pod install' or update your CocoaPods installation.\nEOM\n    exit 1\nfi\n";
			showEnvVarsInLog = 0;
		};
		9407C5120299FD7877C77D7A /* Copy Pods Resources */ = {
			isa = PBXShellScriptBuildPhase;
			buildActionMask = 2147483647;
			files = (
			);
			inputPaths = (
			);
			name = "Copy Pods Resources";
			outputPaths = (
			);
			runOnlyForDeploymentPostprocessing = 0;
			shellPath = /bin/sh;
			shellScript = "\"${SRCROOT}/Pods/Target Support Files/Pods/Pods-resources.sh\"\n";
			showEnvVarsInLog = 0;
		};
		D10AFE1080F3487F9C6BD639 /* Embed Pods Frameworks */ = {
			isa = PBXShellScriptBuildPhase;
			buildActionMask = 2147483647;
			files = (
			);
			inputPaths = (
			);
			name = "Embed Pods Frameworks";
			outputPaths = (
			);
			runOnlyForDeploymentPostprocessing = 0;
			shellPath = /bin/sh;
			shellScript = "\"${SRCROOT}/Pods/Target Support Files/Pods/Pods-frameworks.sh\"\n";
			showEnvVarsInLog = 0;
		};
/* End PBXShellScriptBuildPhase section */

/* Begin PBXSourcesBuildPhase section */
		7A99D4441C97EE31001DD9B9 /* Sources */ = {
			isa = PBXSourcesBuildPhase;
			buildActionMask = 2147483647;
			files = (
				7A80A3191CA37DCE00845015 /* GroupViewController.m in Sources */,
				7A4764201C984D900057A7D9 /* VOContentLayer.m in Sources */,
				7A1BE51A1CA289DF000B7B13 /* SqlModel.m in Sources */,
				7A4623F81C999C0B00A6750D /* ChoseCollectionViewCell.m in Sources */,
				7A4532321C9E423E00EDB43C /* LoginViewController.m in Sources */,
				7AD1C4AC1C9BA204001346CA /* MessageViewController.m in Sources */,
				7A68D4FD1C9D5F750090DB08 /* PullingRefreshTableView.m in Sources */,
				7A9BBA211C9D08C900CA55D9 /* SingleViewController.m in Sources */,
				7A4623F41C998EA400A6750D /* ChoseModel.m in Sources */,
				7AFE6E011C9A512D0041A33B /* TimeView.m in Sources */,
				7A965F841C9998FF00DE2547 /* DownloadTableViewCell.m in Sources */,
				7A68D4F01C9D50360090DB08 /* TypeViewController.m in Sources */,
				7A7501321C9BAD110002FA5C /* LinkManViewController.m in Sources */,
				7AE264B71C9840A9006C9A6D /* MyViewController.m in Sources */,
				7A4E32CC1C9FE27900FEF17C /* DownlaodTask.m in Sources */,
				7A68D4F41C9D587C0090DB08 /* TypeTableViewCell.m in Sources */,
				7ADC1BF11CA14F3B000DF95B /* ChatBoxeViewController.m in Sources */,
				7A4623EF1C992FED00A6750D /* TypeModel.m in Sources */,
				7A4532351C9E426800EDB43C /* RegisterViewController.m in Sources */,
				7A965F771C99328A00DE2547 /* SearchViewController.m in Sources */,
				7A9FFBB11C9983C80045ECBC /* RecordViewController.m in Sources */,
				7A99D4501C97EE31001DD9B9 /* AppDelegate.m in Sources */,
				7A54D2581C9C3F6A0012224E /* detailModel.m in Sources */,
				7A6BE8461C9A47BD006F6E17 /* UIView+UIViewExtension.m in Sources */,
				7A54D24E1C9BA0070012224E /* DetailViewController.m in Sources */,
				7A6BE8431C9A428C006F6E17 /* DownloadDidTableViewCell.m in Sources */,
				7A4764221C984D900057A7D9 /* VOSegment.m in Sources */,
				7A68D4EA1C9D40100090DB08 /* UIViewController+Common.m in Sources */,
				7A0AB1411CA5312A0085875C /* DownloadListViewController.m in Sources */,
				7A7501351C9BE3BD0002FA5C /* NSString+Common.m in Sources */,
				7A4764211C984D900057A7D9 /* VOIndicatorAnimation.m in Sources */,
				7A965F7A1C993B2A00DE2547 /* SearchModel.m in Sources */,
				7A1BE5171CA289B3000B7B13 /* BookInformation.m in Sources */,
				7A0AB13B1CA4D3B50085875C /* AccountViewController.m in Sources */,
				7A80A31C1CA389E100845015 /* NewGroupViewController.m in Sources */,
				7A68D4ED1C9D450D0090DB08 /* HWTools.m in Sources */,
				7A75016B1C9C09040002FA5C /* RequestViewController.m in Sources */,
				7AFFB1BB1C9EA12E00B8E3FB /* typeDetailModel.m in Sources */,
				7AB437061C9A4D2100532A9A /* ChoseTableViewCell.m in Sources */,
				7A75013B1C9BE5180002FA5C /* ProgressHUD.m in Sources */,
				7AE2889F1C98118000596833 /* DiscoverViewController.m in Sources */,
				7A99D44D1C97EE31001DD9B9 /* main.m in Sources */,
				7A9FFBAE1C99565A0045ECBC /* FavoriteViewController.m in Sources */,
				7A1BE51E1CA2BF77000B7B13 /* FavoriteTableViewCell.m in Sources */,
				7A4764231C984D900057A7D9 /* VOSegmentedControl.m in Sources */,
				7A965F7E1C9993B200DE2547 /* TableViewCell.m in Sources */,
				7A54D2511C9BA0890012224E /* DetailHeadView.m in Sources */,
				7A965F751C99328A00DE2547 /* DownloadViewController.m in Sources */,
			);
			runOnlyForDeploymentPostprocessing = 0;
		};
/* End PBXSourcesBuildPhase section */

/* Begin PBXVariantGroup section */
		7A99D4531C97EE31001DD9B9 /* LaunchScreen.storyboard */ = {
			isa = PBXVariantGroup;
			children = (
				7A99D4541C97EE31001DD9B9 /* Base */,
			);
			name = LaunchScreen.storyboard;
			sourceTree = "<group>";
		};
/* End PBXVariantGroup section */

/* Begin XCBuildConfiguration section */
		7A99D4571C97EE31001DD9B9 /* Debug */ = {
			isa = XCBuildConfiguration;
			buildSettings = {
				ALWAYS_SEARCH_USER_PATHS = NO;
				CLANG_CXX_LANGUAGE_STANDARD = "gnu++0x";
				CLANG_CXX_LIBRARY = "libc++";
				CLANG_ENABLE_MODULES = YES;
				CLANG_ENABLE_OBJC_ARC = YES;
				CLANG_WARN_BOOL_CONVERSION = YES;
				CLANG_WARN_CONSTANT_CONVERSION = YES;
				CLANG_WARN_DIRECT_OBJC_ISA_USAGE = YES_ERROR;
				CLANG_WARN_EMPTY_BODY = YES;
				CLANG_WARN_ENUM_CONVERSION = YES;
				CLANG_WARN_INT_CONVERSION = YES;
				CLANG_WARN_OBJC_ROOT_CLASS = YES_ERROR;
				CLANG_WARN_UNREACHABLE_CODE = YES;
				CLANG_WARN__DUPLICATE_METHOD_MATCH = YES;
				"CODE_SIGN_IDENTITY[sdk=iphoneos*]" = "iPhone Developer";
				COPY_PHASE_STRIP = NO;
				DEBUG_INFORMATION_FORMAT = dwarf;
				ENABLE_STRICT_OBJC_MSGSEND = YES;
				ENABLE_TESTABILITY = YES;
				GCC_C_LANGUAGE_STANDARD = gnu99;
				GCC_DYNAMIC_NO_PIC = NO;
				GCC_NO_COMMON_BLOCKS = YES;
				GCC_OPTIMIZATION_LEVEL = 0;
				GCC_PREPROCESSOR_DEFINITIONS = (
					"DEBUG=1",
					"$(inherited)",
				);
				GCC_WARN_64_TO_32_BIT_CONVERSION = YES;
				GCC_WARN_ABOUT_RETURN_TYPE = YES_ERROR;
				GCC_WARN_UNDECLARED_SELECTOR = YES;
				GCC_WARN_UNINITIALIZED_AUTOS = YES_AGGRESSIVE;
				GCC_WARN_UNUSED_FUNCTION = YES;
				GCC_WARN_UNUSED_VARIABLE = YES;
				IPHONEOS_DEPLOYMENT_TARGET = 7.0;
				MTL_ENABLE_DEBUG_INFO = YES;
				ONLY_ACTIVE_ARCH = YES;
				SDKROOT = iphoneos;
			};
			name = Debug;
		};
		7A99D4581C97EE31001DD9B9 /* Release */ = {
			isa = XCBuildConfiguration;
			buildSettings = {
				ALWAYS_SEARCH_USER_PATHS = NO;
				CLANG_CXX_LANGUAGE_STANDARD = "gnu++0x";
				CLANG_CXX_LIBRARY = "libc++";
				CLANG_ENABLE_MODULES = YES;
				CLANG_ENABLE_OBJC_ARC = YES;
				CLANG_WARN_BOOL_CONVERSION = YES;
				CLANG_WARN_CONSTANT_CONVERSION = YES;
				CLANG_WARN_DIRECT_OBJC_ISA_USAGE = YES_ERROR;
				CLANG_WARN_EMPTY_BODY = YES;
				CLANG_WARN_ENUM_CONVERSION = YES;
				CLANG_WARN_INT_CONVERSION = YES;
				CLANG_WARN_OBJC_ROOT_CLASS = YES_ERROR;
				CLANG_WARN_UNREACHABLE_CODE = YES;
				CLANG_WARN__DUPLICATE_METHOD_MATCH = YES;
				"CODE_SIGN_IDENTITY[sdk=iphoneos*]" = "iPhone Developer";
				COPY_PHASE_STRIP = NO;
				DEBUG_INFORMATION_FORMAT = "dwarf-with-dsym";
				ENABLE_NS_ASSERTIONS = NO;
				ENABLE_STRICT_OBJC_MSGSEND = YES;
				GCC_C_LANGUAGE_STANDARD = gnu99;
				GCC_NO_COMMON_BLOCKS = YES;
				GCC_WARN_64_TO_32_BIT_CONVERSION = YES;
				GCC_WARN_ABOUT_RETURN_TYPE = YES_ERROR;
				GCC_WARN_UNDECLARED_SELECTOR = YES;
				GCC_WARN_UNINITIALIZED_AUTOS = YES_AGGRESSIVE;
				GCC_WARN_UNUSED_FUNCTION = YES;
				GCC_WARN_UNUSED_VARIABLE = YES;
				IPHONEOS_DEPLOYMENT_TARGET = 7.0;
				MTL_ENABLE_DEBUG_INFO = NO;
				SDKROOT = iphoneos;
				VALIDATE_PRODUCT = YES;
			};
			name = Release;
		};
		7A99D45A1C97EE31001DD9B9 /* Debug */ = {
			isa = XCBuildConfiguration;
			baseConfigurationReference = 706A4DEFC7FBB216AD8C4E61 /* Pods.debug.xcconfig */;
			buildSettings = {
				ASSETCATALOG_COMPILER_APPICON_NAME = AppIcon;
				CODE_SIGN_IDENTITY = "iPhone Developer";
				"CODE_SIGN_IDENTITY[sdk=iphoneos*]" = "iPhone Developer";
				ENABLE_BITCODE = NO;
				FRAMEWORK_SEARCH_PATHS = (
					"$(inherited)",
					"$(PROJECT_DIR)/LessionBook/Library",
					"$(PROJECT_DIR)/LessionBook/Library/tools",
				);
				GCC_PRECOMPILE_PREFIX_HEADER = YES;
				GCC_PREFIX_HEADER = "$(SRCROOT)/LessionBook/Library/tools/HWDefine.pch";
				INFOPLIST_FILE = LessionBook/Info.plist;
				IPHONEOS_DEPLOYMENT_TARGET = 7.1;
				LD_RUNPATH_SEARCH_PATHS = "$(inherited) @executable_path/Frameworks";
				LIBRARY_SEARCH_PATHS = (
					"$(inherited)",
					"$(PROJECT_DIR)/LessionBook/Library/HyphenateSDK/lib",
					"$(PROJECT_DIR)/LessionBook/Library/sdk-ios-cocoapods-integration/EaseMobSDKFull/lib",
					"$(PROJECT_DIR)/LessionBook/Library/tools/HyphenateSDK/lib",
					"$(PROJECT_DIR)/LessionBook/Library/EaseUI/EMUIKit/3rdparty/DeviceHelper/VoiceConvert/opencore-amrnb",
					"$(PROJECT_DIR)/LessionBook/Library/EaseUI/EMUIKit/3rdparty/DeviceHelper/VoiceConvert/opencore-amrwb",
					"$(PROJECT_DIR)/LessionBook/Library/libWeiboSDK",
					"$(PROJECT_DIR)/LessionBook/Library/libWeiboSDK/ShareSDK/Support/PlatformSDK/SinaWeiboSDK",
					"$(PROJECT_DIR)/LessionBook/Library/ShareSDK/Support/PlatformSDK/SinaWeiboSDK",
				);
				PRODUCT_BUNDLE_IDENTIFIER = iOS.huI.LessionBook;
				PRODUCT_NAME = "$(TARGET_NAME)";
				PROVISIONING_PROFILE = "";
			};
			name = Debug;
		};
		7A99D45B1C97EE31001DD9B9 /* Release */ = {
			isa = XCBuildConfiguration;
			baseConfigurationReference = 67981FB38F5840FA5D07AC7F /* Pods.release.xcconfig */;
			buildSettings = {
				ASSETCATALOG_COMPILER_APPICON_NAME = AppIcon;
				CODE_SIGN_IDENTITY = "iPhone Developer";
				"CODE_SIGN_IDENTITY[sdk=iphoneos*]" = "iPhone Developer";
				ENABLE_BITCODE = NO;
				FRAMEWORK_SEARCH_PATHS = (
					"$(inherited)",
					"$(PROJECT_DIR)/LessionBook/Library",
					"$(PROJECT_DIR)/LessionBook/Library/tools",
				);
				GCC_PRECOMPILE_PREFIX_HEADER = YES;
				GCC_PREFIX_HEADER = "$(SRCROOT)/LessionBook/Library/tools/HWDefine.pch";
				INFOPLIST_FILE = LessionBook/Info.plist;
				IPHONEOS_DEPLOYMENT_TARGET = 7.1;
				LD_RUNPATH_SEARCH_PATHS = "$(inherited) @executable_path/Frameworks";
				LIBRARY_SEARCH_PATHS = (
					"$(inherited)",
					"$(PROJECT_DIR)/LessionBook/Library/HyphenateSDK/lib",
					"$(PROJECT_DIR)/LessionBook/Library/sdk-ios-cocoapods-integration/EaseMobSDKFull/lib",
					"$(PROJECT_DIR)/LessionBook/Library/tools/HyphenateSDK/lib",
					"$(PROJECT_DIR)/LessionBook/Library/EaseUI/EMUIKit/3rdparty/DeviceHelper/VoiceConvert/opencore-amrnb",
					"$(PROJECT_DIR)/LessionBook/Library/EaseUI/EMUIKit/3rdparty/DeviceHelper/VoiceConvert/opencore-amrwb",
					"$(PROJECT_DIR)/LessionBook/Library/libWeiboSDK",
					"$(PROJECT_DIR)/LessionBook/Library/libWeiboSDK/ShareSDK/Support/PlatformSDK/SinaWeiboSDK",
					"$(PROJECT_DIR)/LessionBook/Library/ShareSDK/Support/PlatformSDK/SinaWeiboSDK",
				);
				PRODUCT_BUNDLE_IDENTIFIER = iOS.huI.LessionBook;
				PRODUCT_NAME = "$(TARGET_NAME)";
				PROVISIONING_PROFILE = "";
			};
			name = Release;
		};
/* End XCBuildConfiguration section */

/* Begin XCConfigurationList section */
		7A99D4431C97EE31001DD9B9 /* Build configuration list for PBXProject "LessionBook" */ = {
			isa = XCConfigurationList;
			buildConfigurations = (
				7A99D4571C97EE31001DD9B9 /* Debug */,
				7A99D4581C97EE31001DD9B9 /* Release */,
			);
			defaultConfigurationIsVisible = 0;
			defaultConfigurationName = Release;
		};
		7A99D4591C97EE31001DD9B9 /* Build configuration list for PBXNativeTarget "LessionBook" */ = {
			isa = XCConfigurationList;
			buildConfigurations = (
				7A99D45A1C97EE31001DD9B9 /* Debug */,
				7A99D45B1C97EE31001DD9B9 /* Release */,
			);
			defaultConfigurationIsVisible = 0;
			defaultConfigurationName = Release;
		};
/* End XCConfigurationList section */
	};
	rootObject = 7A99D4401C97EE31001DD9B9 /* Project object */;
}
