// !$*UTF8*$!
{
	archiveVersion = 1;
	classes = {
	};
	objectVersion = 46;
	objects = {

/* Begin PBXBuildFile section */
		7A99D44D1C97EE31001DD9B9 /* main.m in Sources */ = {isa = PBXBuildFile; fileRef = 7A99D44C1C97EE31001DD9B9 /* main.m */; };
		7A99D4501C97EE31001DD9B9 /* AppDelegate.m in Sources */ = {isa = PBXBuildFile; fileRef = 7A99D44F1C97EE31001DD9B9 /* AppDelegate.m */; };
		7A99D4521C97EE31001DD9B9 /* Assets.xcassets in Resources */ = {isa = PBXBuildFile; fileRef = 7A99D4511C97EE31001DD9B9 /* Assets.xcassets */; };
		7A99D4551C97EE31001DD9B9 /* LaunchScreen.storyboard in Resources */ = {isa = PBXBuildFile; fileRef = 7A99D4531C97EE31001DD9B9 /* LaunchScreen.storyboard */; };
		7AD9F7E91C9834460060FC13 /* DownloadViewController.m in Sources */ = {isa = PBXBuildFile; fileRef = 7AD9F7E81C9834460060FC13 /* DownloadViewController.m */; };
		7AD9F7EC1C9834580060FC13 /* SearchViewController.m in Sources */ = {isa = PBXBuildFile; fileRef = 7AD9F7EB1C9834580060FC13 /* SearchViewController.m */; };
		7AE264B71C9840A9006C9A6D /* MyViewController.m in Sources */ = {isa = PBXBuildFile; fileRef = 7AE264B61C9840A9006C9A6D /* MyViewController.m */; };
		7AE264B91C9841D4006C9A6D /* My.storyboard in Resources */ = {isa = PBXBuildFile; fileRef = 7AE264B81C9841D4006C9A6D /* My.storyboard */; };
		7AE2889F1C98118000596833 /* DiscoverViewController.m in Sources */ = {isa = PBXBuildFile; fileRef = 7AE2889E1C98118000596833 /* DiscoverViewController.m */; };
		F3C52409254B7E14DA087F46 /* libPods.a in Frameworks */ = {isa = PBXBuildFile; fileRef = B8E1B894ED2483C469F39545 /* libPods.a */; };
/* End PBXBuildFile section */

/* Begin PBXFileReference section */
		67981FB38F5840FA5D07AC7F /* Pods.release.xcconfig */ = {isa = PBXFileReference; includeInIndex = 1; lastKnownFileType = text.xcconfig; name = Pods.release.xcconfig; path = "Pods/Target Support Files/Pods/Pods.release.xcconfig"; sourceTree = "<group>"; };
		706A4DEFC7FBB216AD8C4E61 /* Pods.debug.xcconfig */ = {isa = PBXFileReference; includeInIndex = 1; lastKnownFileType = text.xcconfig; name = Pods.debug.xcconfig; path = "Pods/Target Support Files/Pods/Pods.debug.xcconfig"; sourceTree = "<group>"; };
		7A99D4481C97EE31001DD9B9 /* LessionBook.app */ = {isa = PBXFileReference; explicitFileType = wrapper.application; includeInIndex = 0; path = LessionBook.app; sourceTree = BUILT_PRODUCTS_DIR; };
		7A99D44C1C97EE31001DD9B9 /* main.m */ = {isa = PBXFileReference; lastKnownFileType = sourcecode.c.objc; path = main.m; sourceTree = "<group>"; };
		7A99D44E1C97EE31001DD9B9 /* AppDelegate.h */ = {isa = PBXFileReference; lastKnownFileType = sourcecode.c.h; path = AppDelegate.h; sourceTree = "<group>"; };
		7A99D44F1C97EE31001DD9B9 /* AppDelegate.m */ = {isa = PBXFileReference; lastKnownFileType = sourcecode.c.objc; path = AppDelegate.m; sourceTree = "<group>"; };
		7A99D4511C97EE31001DD9B9 /* Assets.xcassets */ = {isa = PBXFileReference; lastKnownFileType = folder.assetcatalog; path = Assets.xcassets; sourceTree = "<group>"; };
		7A99D4541C97EE31001DD9B9 /* Base */ = {isa = PBXFileReference; lastKnownFileType = file.storyboard; name = Base; path = Base.lproj/LaunchScreen.storyboard; sourceTree = "<group>"; };
		7A99D4561C97EE31001DD9B9 /* Info.plist */ = {isa = PBXFileReference; lastKnownFileType = text.plist.xml; path = Info.plist; sourceTree = "<group>"; };
		7AD9F7E71C9834460060FC13 /* DownloadViewController.h */ = {isa = PBXFileReference; fileEncoding = 4; lastKnownFileType = sourcecode.c.h; name = DownloadViewController.h; path = LessionBook/DownloadViewController.h; sourceTree = SOURCE_ROOT; };
		7AD9F7E81C9834460060FC13 /* DownloadViewController.m */ = {isa = PBXFileReference; fileEncoding = 4; lastKnownFileType = sourcecode.c.objc; name = DownloadViewController.m; path = LessionBook/DownloadViewController.m; sourceTree = SOURCE_ROOT; };
		7AD9F7EA1C9834580060FC13 /* SearchViewController.h */ = {isa = PBXFileReference; fileEncoding = 4; lastKnownFileType = sourcecode.c.h; name = SearchViewController.h; path = LessionBook/SearchViewController.h; sourceTree = SOURCE_ROOT; };
		7AD9F7EB1C9834580060FC13 /* SearchViewController.m */ = {isa = PBXFileReference; fileEncoding = 4; lastKnownFileType = sourcecode.c.objc; name = SearchViewController.m; path = LessionBook/SearchViewController.m; sourceTree = SOURCE_ROOT; };
		7AE264B51C9840A9006C9A6D /* MyViewController.h */ = {isa = PBXFileReference; fileEncoding = 4; lastKnownFileType = sourcecode.c.h; path = MyViewController.h; sourceTree = "<group>"; };
		7AE264B61C9840A9006C9A6D /* MyViewController.m */ = {isa = PBXFileReference; fileEncoding = 4; lastKnownFileType = sourcecode.c.objc; path = MyViewController.m; sourceTree = "<group>"; };
		7AE264B81C9841D4006C9A6D /* My.storyboard */ = {isa = PBXFileReference; fileEncoding = 4; lastKnownFileType = file.storyboard; path = My.storyboard; sourceTree = "<group>"; };
		7AE2889C1C980FB800596833 /* HWDefine.pch */ = {isa = PBXFileReference; lastKnownFileType = sourcecode.c.h; path = HWDefine.pch; sourceTree = "<group>"; };
		7AE2889D1C98118000596833 /* DiscoverViewController.h */ = {isa = PBXFileReference; fileEncoding = 4; lastKnownFileType = sourcecode.c.h; path = DiscoverViewController.h; sourceTree = "<group>"; };
		7AE2889E1C98118000596833 /* DiscoverViewController.m */ = {isa = PBXFileReference; fileEncoding = 4; lastKnownFileType = sourcecode.c.objc; path = DiscoverViewController.m; sourceTree = "<group>"; };
		B8E1B894ED2483C469F39545 /* libPods.a */ = {isa = PBXFileReference; explicitFileType = archive.ar; includeInIndex = 0; path = libPods.a; sourceTree = BUILT_PRODUCTS_DIR; };
/* End PBXFileReference section */

/* Begin PBXFrameworksBuildPhase section */
		7A99D4451C97EE31001DD9B9 /* Frameworks */ = {
			isa = PBXFrameworksBuildPhase;
			buildActionMask = 2147483647;
			files = (
				F3C52409254B7E14DA087F46 /* libPods.a in Frameworks */,
			);
			runOnlyForDeploymentPostprocessing = 0;
		};
/* End PBXFrameworksBuildPhase section */

/* Begin PBXGroup section */
		12BB96C7D9304EFD5EC9AB4C /* Frameworks */ = {
			isa = PBXGroup;
			children = (
				B8E1B894ED2483C469F39545 /* libPods.a */,
			);
			name = Frameworks;
			sourceTree = "<group>";
		};
		13E6720B65CD1A6634EE45CD /* Pods */ = {
			isa = PBXGroup;
			children = (
				706A4DEFC7FBB216AD8C4E61 /* Pods.debug.xcconfig */,
				67981FB38F5840FA5D07AC7F /* Pods.release.xcconfig */,
			);
			name = Pods;
			sourceTree = "<group>";
		};
		7A99D43F1C97EE31001DD9B9 = {
			isa = PBXGroup;
			children = (
				7A99D44A1C97EE31001DD9B9 /* LessionBook */,
				7A99D4491C97EE31001DD9B9 /* Products */,
				13E6720B65CD1A6634EE45CD /* Pods */,
				12BB96C7D9304EFD5EC9AB4C /* Frameworks */,
			);
			sourceTree = "<group>";
		};
		7A99D4491C97EE31001DD9B9 /* Products */ = {
			isa = PBXGroup;
			children = (
				7A99D4481C97EE31001DD9B9 /* LessionBook.app */,
			);
			name = Products;
			sourceTree = "<group>";
		};
		7A99D44A1C97EE31001DD9B9 /* LessionBook */ = {
			isa = PBXGroup;
			children = (
				7AE2889A1C980EEF00596833 /* Library */,
				7AA0C53B1C980BEA001275A0 /* Class */,
				7A99D44E1C97EE31001DD9B9 /* AppDelegate.h */,
				7A99D44F1C97EE31001DD9B9 /* AppDelegate.m */,
				7A99D4511C97EE31001DD9B9 /* Assets.xcassets */,
				7A99D4531C97EE31001DD9B9 /* LaunchScreen.storyboard */,
				7A99D4561C97EE31001DD9B9 /* Info.plist */,
				7A99D44B1C97EE31001DD9B9 /* Supporting Files */,
			);
			path = LessionBook;
			sourceTree = "<group>";
		};
		7A99D44B1C97EE31001DD9B9 /* Supporting Files */ = {
			isa = PBXGroup;
			children = (
				7A99D44C1C97EE31001DD9B9 /* main.m */,
			);
			name = "Supporting Files";
			sourceTree = "<group>";
		};
		7AA0C53B1C980BEA001275A0 /* Class */ = {
			isa = PBXGroup;
			children = (
				7AE264B11C984075006C9A6D /* My */,
				7AA0C53C1C980BEA001275A0 /* Discover */,
				7AA0C5401C980BEA001275A0 /* Download */,
				7AA0C5481C980BEA001275A0 /* Search */,
			);
			path = Class;
			sourceTree = "<group>";
		};
		7AA0C53C1C980BEA001275A0 /* Discover */ = {
			isa = PBXGroup;
			children = (
				7AA0C53D1C980BEA001275A0 /* Controllers */,
				7AA0C53E1C980BEA001275A0 /* Models */,
				7AA0C53F1C980BEA001275A0 /* Views */,
			);
			path = Discover;
			sourceTree = "<group>";
		};
		7AA0C53D1C980BEA001275A0 /* Controllers */ = {
			isa = PBXGroup;
			children = (
				7AE2889D1C98118000596833 /* DiscoverViewController.h */,
				7AE2889E1C98118000596833 /* DiscoverViewController.m */,
			);
			path = Controllers;
			sourceTree = "<group>";
		};
		7AA0C53E1C980BEA001275A0 /* Models */ = {
			isa = PBXGroup;
			children = (
			);
			path = Models;
			sourceTree = "<group>";
		};
		7AA0C53F1C980BEA001275A0 /* Views */ = {
			isa = PBXGroup;
			children = (
			);
			path = Views;
			sourceTree = "<group>";
		};
		7AA0C5401C980BEA001275A0 /* Download */ = {
			isa = PBXGroup;
			children = (
				7AA0C5411C980BEA001275A0 /* Controllers */,
				7AA0C5421C980BEA001275A0 /* Models */,
				7AA0C5431C980BEA001275A0 /* Views */,
			);
			path = Download;
			sourceTree = "<group>";
		};
		7AA0C5411C980BEA001275A0 /* Controllers */ = {
			isa = PBXGroup;
			children = (
				7AD9F7E71C9834460060FC13 /* DownloadViewController.h */,
				7AD9F7E81C9834460060FC13 /* DownloadViewController.m */,
			);
			path = Controllers;
			sourceTree = "<group>";
		};
		7AA0C5421C980BEA001275A0 /* Models */ = {
			isa = PBXGroup;
			children = (
			);
			path = Models;
			sourceTree = "<group>";
		};
		7AA0C5431C980BEA001275A0 /* Views */ = {
			isa = PBXGroup;
			children = (
			);
			path = Views;
			sourceTree = "<group>";
		};
		7AA0C5481C980BEA001275A0 /* Search */ = {
			isa = PBXGroup;
			children = (
				7AA0C5491C980BEA001275A0 /* Controllers */,
				7AA0C54A1C980BEA001275A0 /* Models */,
				7AA0C54B1C980BEA001275A0 /* Views */,
			);
			path = Search;
			sourceTree = "<group>";
		};
		7AA0C5491C980BEA001275A0 /* Controllers */ = {
			isa = PBXGroup;
			children = (
				7AD9F7EA1C9834580060FC13 /* SearchViewController.h */,
				7AD9F7EB1C9834580060FC13 /* SearchViewController.m */,
			);
			path = Controllers;
			sourceTree = "<group>";
		};
		7AA0C54A1C980BEA001275A0 /* Models */ = {
			isa = PBXGroup;
			children = (
			);
			path = Models;
			sourceTree = "<group>";
		};
		7AA0C54B1C980BEA001275A0 /* Views */ = {
			isa = PBXGroup;
			children = (
			);
			path = Views;
			sourceTree = "<group>";
		};
		7AE264B11C984075006C9A6D /* My */ = {
			isa = PBXGroup;
			children = (
				7AE264B21C984075006C9A6D /* Controllres */,
				7AE264B31C984075006C9A6D /* Models */,
				7AE264B41C984075006C9A6D /* Views */,
			);
			path = My;
			sourceTree = "<group>";
		};
		7AE264B21C984075006C9A6D /* Controllres */ = {
			isa = PBXGroup;
			children = (
				7AE264B51C9840A9006C9A6D /* MyViewController.h */,
				7AE264B61C9840A9006C9A6D /* MyViewController.m */,
			);
			path = Controllres;
			sourceTree = "<group>";
		};
		7AE264B31C984075006C9A6D /* Models */ = {
			isa = PBXGroup;
			children = (
			);
			path = Models;
			sourceTree = "<group>";
		};
		7AE264B41C984075006C9A6D /* Views */ = {
			isa = PBXGroup;
			children = (
				7AE264B81C9841D4006C9A6D /* My.storyboard */,
			);
			path = Views;
			sourceTree = "<group>";
		};
		7AE2889A1C980EEF00596833 /* Library */ = {
			isa = PBXGroup;
			children = (
				7AE2889B1C980EEF00596833 /* tools */,
			);
			path = Library;
			sourceTree = "<group>";
		};
		7AE2889B1C980EEF00596833 /* tools */ = {
			isa = PBXGroup;
			children = (
				7AE2889C1C980FB800596833 /* HWDefine.pch */,
			);
			path = tools;
			sourceTree = "<group>";
		};
/* End PBXGroup section */

/* Begin PBXNativeTarget section */
		7A99D4471C97EE31001DD9B9 /* LessionBook */ = {
			isa = PBXNativeTarget;
			buildConfigurationList = 7A99D4591C97EE31001DD9B9 /* Build configuration list for PBXNativeTarget "LessionBook" */;
			buildPhases = (
				527FD340FD1A82308CB03A92 /* Check Pods Manifest.lock */,
				7A99D4441C97EE31001DD9B9 /* Sources */,
				7A99D4451C97EE31001DD9B9 /* Frameworks */,
				7A99D4461C97EE31001DD9B9 /* Resources */,
				D10AFE1080F3487F9C6BD639 /* Embed Pods Frameworks */,
				9407C5120299FD7877C77D7A /* Copy Pods Resources */,
			);
			buildRules = (
			);
			dependencies = (
			);
			name = LessionBook;
			productName = LessionBook;
			productReference = 7A99D4481C97EE31001DD9B9 /* LessionBook.app */;
			productType = "com.apple.product-type.application";
		};
/* End PBXNativeTarget section */

/* Begin PBXProject section */
		7A99D4401C97EE31001DD9B9 /* Project object */ = {
			isa = PBXProject;
			attributes = {
				LastUpgradeCheck = 0720;
				ORGANIZATIONNAME = "迪士尼工作室";
				TargetAttributes = {
					7A99D4471C97EE31001DD9B9 = {
						CreatedOnToolsVersion = 7.2;
					};
				};
			};
			buildConfigurationList = 7A99D4431C97EE31001DD9B9 /* Build configuration list for PBXProject "LessionBook" */;
			compatibilityVersion = "Xcode 3.2";
			developmentRegion = English;
			hasScannedForEncodings = 0;
			knownRegions = (
				en,
				Base,
			);
			mainGroup = 7A99D43F1C97EE31001DD9B9;
			productRefGroup = 7A99D4491C97EE31001DD9B9 /* Products */;
			projectDirPath = "";
			projectRoot = "";
			targets = (
				7A99D4471C97EE31001DD9B9 /* LessionBook */,
			);
		};
/* End PBXProject section */

/* Begin PBXResourcesBuildPhase section */
		7A99D4461C97EE31001DD9B9 /* Resources */ = {
			isa = PBXResourcesBuildPhase;
			buildActionMask = 2147483647;
			files = (
				7AE264B91C9841D4006C9A6D /* My.storyboard in Resources */,
				7A99D4521C97EE31001DD9B9 /* Assets.xcassets in Resources */,
				7A99D4551C97EE31001DD9B9 /* LaunchScreen.storyboard in Resources */,
			);
			runOnlyForDeploymentPostprocessing = 0;
		};
/* End PBXResourcesBuildPhase section */

/* Begin PBXShellScriptBuildPhase section */
		527FD340FD1A82308CB03A92 /* Check Pods Manifest.lock */ = {
			isa = PBXShellScriptBuildPhase;
			buildActionMask = 2147483647;
			files = (
			);
			inputPaths = (
			);
			name = "Check Pods Manifest.lock";
			outputPaths = (
			);
			runOnlyForDeploymentPostprocessing = 0;
			shellPath = /bin/sh;
			shellScript = "diff \"${PODS_ROOT}/../Podfile.lock\" \"${PODS_ROOT}/Manifest.lock\" > /dev/null\nif [[ $? != 0 ]] ; then\n    cat << EOM\nerror: The sandbox is not in sync with the Podfile.lock. Run 'pod install' or update your CocoaPods installation.\nEOM\n    exit 1\nfi\n";
			showEnvVarsInLog = 0;
		};
		9407C5120299FD7877C77D7A /* Copy Pods Resources */ = {
			isa = PBXShellScriptBuildPhase;
			buildActionMask = 2147483647;
			files = (
			);
			inputPaths = (
			);
			name = "Copy Pods Resources";
			outputPaths = (
			);
			runOnlyForDeploymentPostprocessing = 0;
			shellPath = /bin/sh;
			shellScript = "\"${SRCROOT}/Pods/Target Support Files/Pods/Pods-resources.sh\"\n";
			showEnvVarsInLog = 0;
		};
		D10AFE1080F3487F9C6BD639 /* Embed Pods Frameworks */ = {
			isa = PBXShellScriptBuildPhase;
			buildActionMask = 2147483647;
			files = (
			);
			inputPaths = (
			);
			name = "Embed Pods Frameworks";
			outputPaths = (
			);
			runOnlyForDeploymentPostprocessing = 0;
			shellPath = /bin/sh;
			shellScript = "\"${SRCROOT}/Pods/Target Support Files/Pods/Pods-frameworks.sh\"\n";
			showEnvVarsInLog = 0;
		};
/* End PBXShellScriptBuildPhase section */

/* Begin PBXSourcesBuildPhase section */
		7A99D4441C97EE31001DD9B9 /* Sources */ = {
			isa = PBXSourcesBuildPhase;
			buildActionMask = 2147483647;
			files = (
				7AE264B71C9840A9006C9A6D /* MyViewController.m in Sources */,
				7A99D4501C97EE31001DD9B9 /* AppDelegate.m in Sources */,
				7AE2889F1C98118000596833 /* DiscoverViewController.m in Sources */,
				7A99D44D1C97EE31001DD9B9 /* main.m in Sources */,
				7AD9F7EC1C9834580060FC13 /* SearchViewController.m in Sources */,
				7AD9F7E91C9834460060FC13 /* DownloadViewController.m in Sources */,
			);
			runOnlyForDeploymentPostprocessing = 0;
		};
/* End PBXSourcesBuildPhase section */

/* Begin PBXVariantGroup section */
		7A99D4531C97EE31001DD9B9 /* LaunchScreen.storyboard */ = {
			isa = PBXVariantGroup;
			children = (
				7A99D4541C97EE31001DD9B9 /* Base */,
			);
			name = LaunchScreen.storyboard;
			sourceTree = "<group>";
		};
/* End PBXVariantGroup section */

/* Begin XCBuildConfiguration section */
		7A99D4571C97EE31001DD9B9 /* Debug */ = {
			isa = XCBuildConfiguration;
			buildSettings = {
				ALWAYS_SEARCH_USER_PATHS = NO;
				CLANG_CXX_LANGUAGE_STANDARD = "gnu++0x";
				CLANG_CXX_LIBRARY = "libc++";
				CLANG_ENABLE_MODULES = YES;
				CLANG_ENABLE_OBJC_ARC = YES;
				CLANG_WARN_BOOL_CONVERSION = YES;
				CLANG_WARN_CONSTANT_CONVERSION = YES;
				CLANG_WARN_DIRECT_OBJC_ISA_USAGE = YES_ERROR;
				CLANG_WARN_EMPTY_BODY = YES;
				CLANG_WARN_ENUM_CONVERSION = YES;
				CLANG_WARN_INT_CONVERSION = YES;
				CLANG_WARN_OBJC_ROOT_CLASS = YES_ERROR;
				CLANG_WARN_UNREACHABLE_CODE = YES;
				CLANG_WARN__DUPLICATE_METHOD_MATCH = YES;
				"CODE_SIGN_IDENTITY[sdk=iphoneos*]" = "iPhone Developer";
				COPY_PHASE_STRIP = NO;
				DEBUG_INFORMATION_FORMAT = dwarf;
				ENABLE_STRICT_OBJC_MSGSEND = YES;
				ENABLE_TESTABILITY = YES;
				GCC_C_LANGUAGE_STANDARD = gnu99;
				GCC_DYNAMIC_NO_PIC = NO;
				GCC_NO_COMMON_BLOCKS = YES;
				GCC_OPTIMIZATION_LEVEL = 0;
				GCC_PREPROCESSOR_DEFINITIONS = (
					"DEBUG=1",
					"$(inherited)",
				);
				GCC_WARN_64_TO_32_BIT_CONVERSION = YES;
				GCC_WARN_ABOUT_RETURN_TYPE = YES_ERROR;
				GCC_WARN_UNDECLARED_SELECTOR = YES;
				GCC_WARN_UNINITIALIZED_AUTOS = YES_AGGRESSIVE;
				GCC_WARN_UNUSED_FUNCTION = YES;
				GCC_WARN_UNUSED_VARIABLE = YES;
				IPHONEOS_DEPLOYMENT_TARGET = 9.2;
				MTL_ENABLE_DEBUG_INFO = YES;
				ONLY_ACTIVE_ARCH = YES;
				SDKROOT = iphoneos;
			};
			name = Debug;
		};
		7A99D4581C97EE31001DD9B9 /* Release */ = {
			isa = XCBuildConfiguration;
			buildSettings = {
				ALWAYS_SEARCH_USER_PATHS = NO;
				CLANG_CXX_LANGUAGE_STANDARD = "gnu++0x";
				CLANG_CXX_LIBRARY = "libc++";
				CLANG_ENABLE_MODULES = YES;
				CLANG_ENABLE_OBJC_ARC = YES;
				CLANG_WARN_BOOL_CONVERSION = YES;
				CLANG_WARN_CONSTANT_CONVERSION = YES;
				CLANG_WARN_DIRECT_OBJC_ISA_USAGE = YES_ERROR;
				CLANG_WARN_EMPTY_BODY = YES;
				CLANG_WARN_ENUM_CONVERSION = YES;
				CLANG_WARN_INT_CONVERSION = YES;
				CLANG_WARN_OBJC_ROOT_CLASS = YES_ERROR;
				CLANG_WARN_UNREACHABLE_CODE = YES;
				CLANG_WARN__DUPLICATE_METHOD_MATCH = YES;
				"CODE_SIGN_IDENTITY[sdk=iphoneos*]" = "iPhone Developer";
				COPY_PHASE_STRIP = NO;
				DEBUG_INFORMATION_FORMAT = "dwarf-with-dsym";
				ENABLE_NS_ASSERTIONS = NO;
				ENABLE_STRICT_OBJC_MSGSEND = YES;
				GCC_C_LANGUAGE_STANDARD = gnu99;
				GCC_NO_COMMON_BLOCKS = YES;
				GCC_WARN_64_TO_32_BIT_CONVERSION = YES;
				GCC_WARN_ABOUT_RETURN_TYPE = YES_ERROR;
				GCC_WARN_UNDECLARED_SELECTOR = YES;
				GCC_WARN_UNINITIALIZED_AUTOS = YES_AGGRESSIVE;
				GCC_WARN_UNUSED_FUNCTION = YES;
				GCC_WARN_UNUSED_VARIABLE = YES;
				IPHONEOS_DEPLOYMENT_TARGET = 9.2;
				MTL_ENABLE_DEBUG_INFO = NO;
				SDKROOT = iphoneos;
				VALIDATE_PRODUCT = YES;
			};
			name = Release;
		};
		7A99D45A1C97EE31001DD9B9 /* Debug */ = {
			isa = XCBuildConfiguration;
			baseConfigurationReference = 706A4DEFC7FBB216AD8C4E61 /* Pods.debug.xcconfig */;
			buildSettings = {
				ASSETCATALOG_COMPILER_APPICON_NAME = AppIcon;
				GCC_PRECOMPILE_PREFIX_HEADER = YES;
				GCC_PREFIX_HEADER = "$(SRCROOT/LessionBook/Library/tools/HWDefine.pch";
				INFOPLIST_FILE = LessionBook/Info.plist;
				LD_RUNPATH_SEARCH_PATHS = "$(inherited) @executable_path/Frameworks";
				PRODUCT_BUNDLE_IDENTIFIER = iOS.huI.LessionBook;
				PRODUCT_NAME = "$(TARGET_NAME)";
			};
			name = Debug;
		};
		7A99D45B1C97EE31001DD9B9 /* Release */ = {
			isa = XCBuildConfiguration;
			baseConfigurationReference = 67981FB38F5840FA5D07AC7F /* Pods.release.xcconfig */;
			buildSettings = {
				ASSETCATALOG_COMPILER_APPICON_NAME = AppIcon;
				GCC_PRECOMPILE_PREFIX_HEADER = YES;
				GCC_PREFIX_HEADER = "$(SRCROOT/LessionBook/Library/tools/HWDefine.pch";
				INFOPLIST_FILE = LessionBook/Info.plist;
				LD_RUNPATH_SEARCH_PATHS = "$(inherited) @executable_path/Frameworks";
				PRODUCT_BUNDLE_IDENTIFIER = iOS.huI.LessionBook;
				PRODUCT_NAME = "$(TARGET_NAME)";
			};
			name = Release;
		};
/* End XCBuildConfiguration section */

/* Begin XCConfigurationList section */
		7A99D4431C97EE31001DD9B9 /* Build configuration list for PBXProject "LessionBook" */ = {
			isa = XCConfigurationList;
			buildConfigurations = (
				7A99D4571C97EE31001DD9B9 /* Debug */,
				7A99D4581C97EE31001DD9B9 /* Release */,
			);
			defaultConfigurationIsVisible = 0;
			defaultConfigurationName = Release;
		};
		7A99D4591C97EE31001DD9B9 /* Build configuration list for PBXNativeTarget "LessionBook" */ = {
			isa = XCConfigurationList;
			buildConfigurations = (
				7A99D45A1C97EE31001DD9B9 /* Debug */,
				7A99D45B1C97EE31001DD9B9 /* Release */,
			);
			defaultConfigurationIsVisible = 0;
			defaultConfigurationName = Release;
		};
/* End XCConfigurationList section */
	};
	rootObject = 7A99D4401C97EE31001DD9B9 /* Project object */;
}
